
Microsoft Visual Studio Solution File, Format Version 12.00
# Visual Studio Version 17
VisualStudioVersion = 17.5.33530.505
MinimumVisualStudioVersion = 10.0.40219.1
Project("{9A19103F-16F7-4668-BE54-9A1E7A4F7556}") = "Windetta.Common", "Windetta.Common\src\Windetta.Common.csproj", "{1EA326D8-2447-4FE0-96F5-39EEF94A1BED}"
EndProject
Project("{9A19103F-16F7-4668-BE54-9A1E7A4F7556}") = "Windetta.Identity", "Windetta.Identity\src\Windetta.Identity.csproj", "{8B8FDD72-D8DC-4611-8A32-5E209EC95F9F}"
EndProject
Project("{2150E333-8FDC-42A3-9474-1A3956D46DE8}") = "Tests", "Tests", "{D0CB951F-ACE6-4DFE-8916-F4A778AD68E8}"
EndProject
Project("{9A19103F-16F7-4668-BE54-9A1E7A4F7556}") = "Windetta.Wallet", "Windetta.Wallet\src\Windetta.Wallet.csproj", "{4DEC793F-BCFF-4ADB-A99E-56E8EECDB4E5}"
EndProject
Project("{9A19103F-16F7-4668-BE54-9A1E7A4F7556}") = "Windetta.Contracts", "Windetta.Contracts\Windetta.Contracts.csproj", "{DC0120B4-526D-4FDA-B70F-BAF403B670FE}"
EndProject
Project("{9A19103F-16F7-4668-BE54-9A1E7A4F7556}") = "Windetta.WalletTests", "Windetta.Wallet\tests\Windetta.WalletTests.csproj", "{9F5269FF-7895-4EAD-991E-7237142E0313}"
EndProject
Project("{9A19103F-16F7-4668-BE54-9A1E7A4F7556}") = "Windetta.IdentityTests", "Windetta.Identity\tests\Windetta.IdentityTests.csproj", "{400CE1BF-3E97-43EA-A257-6169455A23FF}"
EndProject
Project("{9A19103F-16F7-4668-BE54-9A1E7A4F7556}") = "Windetta.TonTxnsTests", "Windetta.TonTxns\tests\Windetta.TonTxnsTests.csproj", "{559D3CC0-2048-4D0E-801A-4E3104B6446B}"
EndProject
Project("{9A19103F-16F7-4668-BE54-9A1E7A4F7556}") = "Windetta.TonTxns", "Windetta.TonTxns\src\Windetta.TonTxns.csproj", "{299FCDA6-7A66-4879-B0FA-EFEC7E4466A5}"
EndProject
Project("{9A19103F-16F7-4668-BE54-9A1E7A4F7556}") = "Windetta.Main", "Windetta.Main\src\Windetta.Main.csproj", "{D9F9A414-68DB-4338-A227-2B31607C0223}"
EndProject
Project("{9A19103F-16F7-4668-BE54-9A1E7A4F7556}") = "Windetta.MainTests", "Windetta.Main\tests\Windetta.MainTests.csproj", "{C1D2C331-CDE1-4DC8-9432-1B35BD73B5D7}"
EndProject
Project("{FAE04EC0-301F-11D3-BF4B-00C04F79EFBC}") = "Windetta.Web", "..\windetta-mvc\src\Windetta.Web.csproj", "{2F31AF43-867F-42CA-9A56-B0604E7014D8}"
EndProject
Project("{FAE04EC0-301F-11D3-BF4B-00C04F79EFBC}") = "IdentityServer4", "..\IdentityServer4Net8\IdentityServer4\IdentityServer4.csproj", "{F7A0A61C-C7E8-47D3-8419-72131AF49A9B}"
EndProject
Project("{FAE04EC0-301F-11D3-BF4B-00C04F79EFBC}") = "Windetta.Main.Core", "Windetta.Main.Core\Windetta.Main.Core.csproj", "{76261D7A-0A2A-4C39-90AF-21F1D321661B}"
EndProject
Global
	GlobalSection(SolutionConfigurationPlatforms) = preSolution
		Debug|Any CPU = Debug|Any CPU
		Debug|ARM32 = Debug|ARM32
		Debug|x64 = Debug|x64
		Debug|x86 = Debug|x86
		Release|Any CPU = Release|Any CPU
		Release|ARM32 = Release|ARM32
		Release|x64 = Release|x64
		Release|x86 = Release|x86
	EndGlobalSection
	GlobalSection(ProjectConfigurationPlatforms) = postSolution
		{1EA326D8-2447-4FE0-96F5-39EEF94A1BED}.Debug|Any CPU.ActiveCfg = Debug|Any CPU
		{1EA326D8-2447-4FE0-96F5-39EEF94A1BED}.Debug|Any CPU.Build.0 = Debug|Any CPU
		{1EA326D8-2447-4FE0-96F5-39EEF94A1BED}.Debug|ARM32.ActiveCfg = Debug|ARM32
		{1EA326D8-2447-4FE0-96F5-39EEF94A1BED}.Debug|ARM32.Build.0 = Debug|ARM32
		{1EA326D8-2447-4FE0-96F5-39EEF94A1BED}.Debug|x64.ActiveCfg = Debug|x64
		{1EA326D8-2447-4FE0-96F5-39EEF94A1BED}.Debug|x64.Build.0 = Debug|x64
		{1EA326D8-2447-4FE0-96F5-39EEF94A1BED}.Debug|x86.ActiveCfg = Debug|x86
		{1EA326D8-2447-4FE0-96F5-39EEF94A1BED}.Debug|x86.Build.0 = Debug|x86
		{1EA326D8-2447-4FE0-96F5-39EEF94A1BED}.Release|Any CPU.ActiveCfg = Release|Any CPU
		{1EA326D8-2447-4FE0-96F5-39EEF94A1BED}.Release|Any CPU.Build.0 = Release|Any CPU
		{1EA326D8-2447-4FE0-96F5-39EEF94A1BED}.Release|ARM32.ActiveCfg = Release|ARM32
		{1EA326D8-2447-4FE0-96F5-39EEF94A1BED}.Release|ARM32.Build.0 = Release|ARM32
		{1EA326D8-2447-4FE0-96F5-39EEF94A1BED}.Release|x64.ActiveCfg = Release|x64
		{1EA326D8-2447-4FE0-96F5-39EEF94A1BED}.Release|x64.Build.0 = Release|x64
		{1EA326D8-2447-4FE0-96F5-39EEF94A1BED}.Release|x86.ActiveCfg = Release|x86
		{1EA326D8-2447-4FE0-96F5-39EEF94A1BED}.Release|x86.Build.0 = Release|x86
		{8B8FDD72-D8DC-4611-8A32-5E209EC95F9F}.Debug|Any CPU.ActiveCfg = Debug|Any CPU
		{8B8FDD72-D8DC-4611-8A32-5E209EC95F9F}.Debug|Any CPU.Build.0 = Debug|Any CPU
		{8B8FDD72-D8DC-4611-8A32-5E209EC95F9F}.Debug|ARM32.ActiveCfg = Debug|ARM32
		{8B8FDD72-D8DC-4611-8A32-5E209EC95F9F}.Debug|ARM32.Build.0 = Debug|ARM32
		{8B8FDD72-D8DC-4611-8A32-5E209EC95F9F}.Debug|x64.ActiveCfg = Debug|x64
		{8B8FDD72-D8DC-4611-8A32-5E209EC95F9F}.Debug|x64.Build.0 = Debug|x64
		{8B8FDD72-D8DC-4611-8A32-5E209EC95F9F}.Debug|x86.ActiveCfg = Debug|x86
		{8B8FDD72-D8DC-4611-8A32-5E209EC95F9F}.Debug|x86.Build.0 = Debug|x86
		{8B8FDD72-D8DC-4611-8A32-5E209EC95F9F}.Release|Any CPU.ActiveCfg = Release|Any CPU
		{8B8FDD72-D8DC-4611-8A32-5E209EC95F9F}.Release|Any CPU.Build.0 = Release|Any CPU
		{8B8FDD72-D8DC-4611-8A32-5E209EC95F9F}.Release|ARM32.ActiveCfg = Release|ARM32
		{8B8FDD72-D8DC-4611-8A32-5E209EC95F9F}.Release|ARM32.Build.0 = Release|ARM32
		{8B8FDD72-D8DC-4611-8A32-5E209EC95F9F}.Release|x64.ActiveCfg = Release|x64
		{8B8FDD72-D8DC-4611-8A32-5E209EC95F9F}.Release|x64.Build.0 = Release|x64
		{8B8FDD72-D8DC-4611-8A32-5E209EC95F9F}.Release|x86.ActiveCfg = Release|x86
		{8B8FDD72-D8DC-4611-8A32-5E209EC95F9F}.Release|x86.Build.0 = Release|x86
		{4DEC793F-BCFF-4ADB-A99E-56E8EECDB4E5}.Debug|Any CPU.ActiveCfg = Debug|Any CPU
		{4DEC793F-BCFF-4ADB-A99E-56E8EECDB4E5}.Debug|Any CPU.Build.0 = Debug|Any CPU
		{4DEC793F-BCFF-4ADB-A99E-56E8EECDB4E5}.Debug|ARM32.ActiveCfg = Debug|ARM32
		{4DEC793F-BCFF-4ADB-A99E-56E8EECDB4E5}.Debug|ARM32.Build.0 = Debug|ARM32
		{4DEC793F-BCFF-4ADB-A99E-56E8EECDB4E5}.Debug|x64.ActiveCfg = Debug|x64
		{4DEC793F-BCFF-4ADB-A99E-56E8EECDB4E5}.Debug|x64.Build.0 = Debug|x64
		{4DEC793F-BCFF-4ADB-A99E-56E8EECDB4E5}.Debug|x86.ActiveCfg = Debug|x86
		{4DEC793F-BCFF-4ADB-A99E-56E8EECDB4E5}.Debug|x86.Build.0 = Debug|x86
		{4DEC793F-BCFF-4ADB-A99E-56E8EECDB4E5}.Release|Any CPU.ActiveCfg = Release|Any CPU
		{4DEC793F-BCFF-4ADB-A99E-56E8EECDB4E5}.Release|Any CPU.Build.0 = Release|Any CPU
		{4DEC793F-BCFF-4ADB-A99E-56E8EECDB4E5}.Release|ARM32.ActiveCfg = Release|ARM32
		{4DEC793F-BCFF-4ADB-A99E-56E8EECDB4E5}.Release|ARM32.Build.0 = Release|ARM32
		{4DEC793F-BCFF-4ADB-A99E-56E8EECDB4E5}.Release|x64.ActiveCfg = Release|x64
		{4DEC793F-BCFF-4ADB-A99E-56E8EECDB4E5}.Release|x64.Build.0 = Release|x64
		{4DEC793F-BCFF-4ADB-A99E-56E8EECDB4E5}.Release|x86.ActiveCfg = Release|x86
		{4DEC793F-BCFF-4ADB-A99E-56E8EECDB4E5}.Release|x86.Build.0 = Release|x86
		{DC0120B4-526D-4FDA-B70F-BAF403B670FE}.Debug|Any CPU.ActiveCfg = Debug|Any CPU
		{DC0120B4-526D-4FDA-B70F-BAF403B670FE}.Debug|Any CPU.Build.0 = Debug|Any CPU
		{DC0120B4-526D-4FDA-B70F-BAF403B670FE}.Debug|ARM32.ActiveCfg = Debug|ARM32
		{DC0120B4-526D-4FDA-B70F-BAF403B670FE}.Debug|ARM32.Build.0 = Debug|ARM32
		{DC0120B4-526D-4FDA-B70F-BAF403B670FE}.Debug|x64.ActiveCfg = Debug|x64
		{DC0120B4-526D-4FDA-B70F-BAF403B670FE}.Debug|x64.Build.0 = Debug|x64
		{DC0120B4-526D-4FDA-B70F-BAF403B670FE}.Debug|x86.ActiveCfg = Debug|x86
		{DC0120B4-526D-4FDA-B70F-BAF403B670FE}.Debug|x86.Build.0 = Debug|x86
		{DC0120B4-526D-4FDA-B70F-BAF403B670FE}.Release|Any CPU.ActiveCfg = Release|Any CPU
		{DC0120B4-526D-4FDA-B70F-BAF403B670FE}.Release|Any CPU.Build.0 = Release|Any CPU
		{DC0120B4-526D-4FDA-B70F-BAF403B670FE}.Release|ARM32.ActiveCfg = Release|ARM32
		{DC0120B4-526D-4FDA-B70F-BAF403B670FE}.Release|ARM32.Build.0 = Release|ARM32
		{DC0120B4-526D-4FDA-B70F-BAF403B670FE}.Release|x64.ActiveCfg = Release|x64
		{DC0120B4-526D-4FDA-B70F-BAF403B670FE}.Release|x64.Build.0 = Release|x64
		{DC0120B4-526D-4FDA-B70F-BAF403B670FE}.Release|x86.ActiveCfg = Release|x86
		{DC0120B4-526D-4FDA-B70F-BAF403B670FE}.Release|x86.Build.0 = Release|x86
		{9F5269FF-7895-4EAD-991E-7237142E0313}.Debug|Any CPU.ActiveCfg = Debug|Any CPU
		{9F5269FF-7895-4EAD-991E-7237142E0313}.Debug|Any CPU.Build.0 = Debug|Any CPU
		{9F5269FF-7895-4EAD-991E-7237142E0313}.Debug|ARM32.ActiveCfg = Debug|ARM32
		{9F5269FF-7895-4EAD-991E-7237142E0313}.Debug|ARM32.Build.0 = Debug|ARM32
		{9F5269FF-7895-4EAD-991E-7237142E0313}.Debug|x64.ActiveCfg = Debug|x64
		{9F5269FF-7895-4EAD-991E-7237142E0313}.Debug|x64.Build.0 = Debug|x64
		{9F5269FF-7895-4EAD-991E-7237142E0313}.Debug|x86.ActiveCfg = Debug|x86
		{9F5269FF-7895-4EAD-991E-7237142E0313}.Debug|x86.Build.0 = Debug|x86
		{9F5269FF-7895-4EAD-991E-7237142E0313}.Release|Any CPU.ActiveCfg = Release|Any CPU
		{9F5269FF-7895-4EAD-991E-7237142E0313}.Release|Any CPU.Build.0 = Release|Any CPU
		{9F5269FF-7895-4EAD-991E-7237142E0313}.Release|ARM32.ActiveCfg = Release|ARM32
		{9F5269FF-7895-4EAD-991E-7237142E0313}.Release|ARM32.Build.0 = Release|ARM32
		{9F5269FF-7895-4EAD-991E-7237142E0313}.Release|x64.ActiveCfg = Release|x64
		{9F5269FF-7895-4EAD-991E-7237142E0313}.Release|x64.Build.0 = Release|x64
		{9F5269FF-7895-4EAD-991E-7237142E0313}.Release|x86.ActiveCfg = Release|x86
		{9F5269FF-7895-4EAD-991E-7237142E0313}.Release|x86.Build.0 = Release|x86
		{400CE1BF-3E97-43EA-A257-6169455A23FF}.Debug|Any CPU.ActiveCfg = Debug|Any CPU
		{400CE1BF-3E97-43EA-A257-6169455A23FF}.Debug|Any CPU.Build.0 = Debug|Any CPU
		{400CE1BF-3E97-43EA-A257-6169455A23FF}.Debug|ARM32.ActiveCfg = Debug|ARM32
		{400CE1BF-3E97-43EA-A257-6169455A23FF}.Debug|ARM32.Build.0 = Debug|ARM32
		{400CE1BF-3E97-43EA-A257-6169455A23FF}.Debug|x64.ActiveCfg = Debug|x64
		{400CE1BF-3E97-43EA-A257-6169455A23FF}.Debug|x64.Build.0 = Debug|x64
		{400CE1BF-3E97-43EA-A257-6169455A23FF}.Debug|x86.ActiveCfg = Debug|x86
		{400CE1BF-3E97-43EA-A257-6169455A23FF}.Debug|x86.Build.0 = Debug|x86
		{400CE1BF-3E97-43EA-A257-6169455A23FF}.Release|Any CPU.ActiveCfg = Release|Any CPU
		{400CE1BF-3E97-43EA-A257-6169455A23FF}.Release|Any CPU.Build.0 = Release|Any CPU
		{400CE1BF-3E97-43EA-A257-6169455A23FF}.Release|ARM32.ActiveCfg = Release|ARM32
		{400CE1BF-3E97-43EA-A257-6169455A23FF}.Release|ARM32.Build.0 = Release|ARM32
		{400CE1BF-3E97-43EA-A257-6169455A23FF}.Release|x64.ActiveCfg = Release|x64
		{400CE1BF-3E97-43EA-A257-6169455A23FF}.Release|x64.Build.0 = Release|x64
		{400CE1BF-3E97-43EA-A257-6169455A23FF}.Release|x86.ActiveCfg = Release|x86
		{400CE1BF-3E97-43EA-A257-6169455A23FF}.Release|x86.Build.0 = Release|x86
		{559D3CC0-2048-4D0E-801A-4E3104B6446B}.Debug|Any CPU.ActiveCfg = Debug|Any CPU
		{559D3CC0-2048-4D0E-801A-4E3104B6446B}.Debug|Any CPU.Build.0 = Debug|Any CPU
		{559D3CC0-2048-4D0E-801A-4E3104B6446B}.Debug|ARM32.ActiveCfg = Debug|ARM32
		{559D3CC0-2048-4D0E-801A-4E3104B6446B}.Debug|ARM32.Build.0 = Debug|ARM32
		{559D3CC0-2048-4D0E-801A-4E3104B6446B}.Debug|x64.ActiveCfg = Debug|x64
		{559D3CC0-2048-4D0E-801A-4E3104B6446B}.Debug|x64.Build.0 = Debug|x64
		{559D3CC0-2048-4D0E-801A-4E3104B6446B}.Debug|x86.ActiveCfg = Debug|x86
		{559D3CC0-2048-4D0E-801A-4E3104B6446B}.Debug|x86.Build.0 = Debug|x86
		{559D3CC0-2048-4D0E-801A-4E3104B6446B}.Release|Any CPU.ActiveCfg = Release|Any CPU
		{559D3CC0-2048-4D0E-801A-4E3104B6446B}.Release|Any CPU.Build.0 = Release|Any CPU
		{559D3CC0-2048-4D0E-801A-4E3104B6446B}.Release|ARM32.ActiveCfg = Release|ARM32
		{559D3CC0-2048-4D0E-801A-4E3104B6446B}.Release|ARM32.Build.0 = Release|ARM32
		{559D3CC0-2048-4D0E-801A-4E3104B6446B}.Release|x64.ActiveCfg = Release|x64
		{559D3CC0-2048-4D0E-801A-4E3104B6446B}.Release|x64.Build.0 = Release|x64
		{559D3CC0-2048-4D0E-801A-4E3104B6446B}.Release|x86.ActiveCfg = Release|x86
		{559D3CC0-2048-4D0E-801A-4E3104B6446B}.Release|x86.Build.0 = Release|x86
		{299FCDA6-7A66-4879-B0FA-EFEC7E4466A5}.Debug|Any CPU.ActiveCfg = Debug|Any CPU
		{299FCDA6-7A66-4879-B0FA-EFEC7E4466A5}.Debug|Any CPU.Build.0 = Debug|Any CPU
		{299FCDA6-7A66-4879-B0FA-EFEC7E4466A5}.Debug|ARM32.ActiveCfg = Debug|ARM32
		{299FCDA6-7A66-4879-B0FA-EFEC7E4466A5}.Debug|ARM32.Build.0 = Debug|ARM32
		{299FCDA6-7A66-4879-B0FA-EFEC7E4466A5}.Debug|x64.ActiveCfg = Debug|x64
		{299FCDA6-7A66-4879-B0FA-EFEC7E4466A5}.Debug|x64.Build.0 = Debug|x64
		{299FCDA6-7A66-4879-B0FA-EFEC7E4466A5}.Debug|x86.ActiveCfg = Debug|x86
		{299FCDA6-7A66-4879-B0FA-EFEC7E4466A5}.Debug|x86.Build.0 = Debug|x86
		{299FCDA6-7A66-4879-B0FA-EFEC7E4466A5}.Release|Any CPU.ActiveCfg = Release|Any CPU
		{299FCDA6-7A66-4879-B0FA-EFEC7E4466A5}.Release|Any CPU.Build.0 = Release|Any CPU
		{299FCDA6-7A66-4879-B0FA-EFEC7E4466A5}.Release|ARM32.ActiveCfg = Release|ARM32
		{299FCDA6-7A66-4879-B0FA-EFEC7E4466A5}.Release|ARM32.Build.0 = Release|ARM32
		{299FCDA6-7A66-4879-B0FA-EFEC7E4466A5}.Release|x64.ActiveCfg = Release|x64
		{299FCDA6-7A66-4879-B0FA-EFEC7E4466A5}.Release|x64.Build.0 = Release|x64
		{299FCDA6-7A66-4879-B0FA-EFEC7E4466A5}.Release|x86.ActiveCfg = Release|x86
		{299FCDA6-7A66-4879-B0FA-EFEC7E4466A5}.Release|x86.Build.0 = Release|x86
		{D9F9A414-68DB-4338-A227-2B31607C0223}.Debug|Any CPU.ActiveCfg = Debug|Any CPU
		{D9F9A414-68DB-4338-A227-2B31607C0223}.Debug|Any CPU.Build.0 = Debug|Any CPU
		{D9F9A414-68DB-4338-A227-2B31607C0223}.Debug|ARM32.ActiveCfg = Debug|Any CPU
		{D9F9A414-68DB-4338-A227-2B31607C0223}.Debug|ARM32.Build.0 = Debug|Any CPU
		{D9F9A414-68DB-4338-A227-2B31607C0223}.Debug|x64.ActiveCfg = Debug|Any CPU
		{D9F9A414-68DB-4338-A227-2B31607C0223}.Debug|x64.Build.0 = Debug|Any CPU
		{D9F9A414-68DB-4338-A227-2B31607C0223}.Debug|x86.ActiveCfg = Debug|Any CPU
		{D9F9A414-68DB-4338-A227-2B31607C0223}.Debug|x86.Build.0 = Debug|Any CPU
		{D9F9A414-68DB-4338-A227-2B31607C0223}.Release|Any CPU.ActiveCfg = Release|Any CPU
		{D9F9A414-68DB-4338-A227-2B31607C0223}.Release|Any CPU.Build.0 = Release|Any CPU
		{D9F9A414-68DB-4338-A227-2B31607C0223}.Release|ARM32.ActiveCfg = Release|Any CPU
		{D9F9A414-68DB-4338-A227-2B31607C0223}.Release|ARM32.Build.0 = Release|Any CPU
		{D9F9A414-68DB-4338-A227-2B31607C0223}.Release|x64.ActiveCfg = Release|Any CPU
		{D9F9A414-68DB-4338-A227-2B31607C0223}.Release|x64.Build.0 = Release|Any CPU
		{D9F9A414-68DB-4338-A227-2B31607C0223}.Release|x86.ActiveCfg = Release|Any CPU
		{D9F9A414-68DB-4338-A227-2B31607C0223}.Release|x86.Build.0 = Release|Any CPU
		{C1D2C331-CDE1-4DC8-9432-1B35BD73B5D7}.Debug|Any CPU.ActiveCfg = Debug|Any CPU
		{C1D2C331-CDE1-4DC8-9432-1B35BD73B5D7}.Debug|Any CPU.Build.0 = Debug|Any CPU
		{C1D2C331-CDE1-4DC8-9432-1B35BD73B5D7}.Debug|ARM32.ActiveCfg = Debug|Any CPU
		{C1D2C331-CDE1-4DC8-9432-1B35BD73B5D7}.Debug|ARM32.Build.0 = Debug|Any CPU
		{C1D2C331-CDE1-4DC8-9432-1B35BD73B5D7}.Debug|x64.ActiveCfg = Debug|Any CPU
		{C1D2C331-CDE1-4DC8-9432-1B35BD73B5D7}.Debug|x64.Build.0 = Debug|Any CPU
		{C1D2C331-CDE1-4DC8-9432-1B35BD73B5D7}.Debug|x86.ActiveCfg = Debug|Any CPU
		{C1D2C331-CDE1-4DC8-9432-1B35BD73B5D7}.Debug|x86.Build.0 = Debug|Any CPU
		{C1D2C331-CDE1-4DC8-9432-1B35BD73B5D7}.Release|Any CPU.ActiveCfg = Release|Any CPU
		{C1D2C331-CDE1-4DC8-9432-1B35BD73B5D7}.Release|Any CPU.Build.0 = Release|Any CPU
		{C1D2C331-CDE1-4DC8-9432-1B35BD73B5D7}.Release|ARM32.ActiveCfg = Release|Any CPU
		{C1D2C331-CDE1-4DC8-9432-1B35BD73B5D7}.Release|ARM32.Build.0 = Release|Any CPU
		{C1D2C331-CDE1-4DC8-9432-1B35BD73B5D7}.Release|x64.ActiveCfg = Release|Any CPU
		{C1D2C331-CDE1-4DC8-9432-1B35BD73B5D7}.Release|x64.Build.0 = Release|Any CPU
		{C1D2C331-CDE1-4DC8-9432-1B35BD73B5D7}.Release|x86.ActiveCfg = Release|Any CPU
		{C1D2C331-CDE1-4DC8-9432-1B35BD73B5D7}.Release|x86.Build.0 = Release|Any CPU
		{2F31AF43-867F-42CA-9A56-B0604E7014D8}.Debug|Any CPU.ActiveCfg = Debug|Any CPU
		{2F31AF43-867F-42CA-9A56-B0604E7014D8}.Debug|Any CPU.Build.0 = Debug|Any CPU
		{2F31AF43-867F-42CA-9A56-B0604E7014D8}.Debug|ARM32.ActiveCfg = Debug|Any CPU
		{2F31AF43-867F-42CA-9A56-B0604E7014D8}.Debug|ARM32.Build.0 = Debug|Any CPU
		{2F31AF43-867F-42CA-9A56-B0604E7014D8}.Debug|x64.ActiveCfg = Debug|Any CPU
		{2F31AF43-867F-42CA-9A56-B0604E7014D8}.Debug|x64.Build.0 = Debug|Any CPU
		{2F31AF43-867F-42CA-9A56-B0604E7014D8}.Debug|x86.ActiveCfg = Debug|Any CPU
		{2F31AF43-867F-42CA-9A56-B0604E7014D8}.Debug|x86.Build.0 = Debug|Any CPU
		{2F31AF43-867F-42CA-9A56-B0604E7014D8}.Release|Any CPU.ActiveCfg = Release|Any CPU
		{2F31AF43-867F-42CA-9A56-B0604E7014D8}.Release|Any CPU.Build.0 = Release|Any CPU
		{2F31AF43-867F-42CA-9A56-B0604E7014D8}.Release|ARM32.ActiveCfg = Release|Any CPU
		{2F31AF43-867F-42CA-9A56-B0604E7014D8}.Release|ARM32.Build.0 = Release|Any CPU
		{2F31AF43-867F-42CA-9A56-B0604E7014D8}.Release|x64.ActiveCfg = Release|Any CPU
		{2F31AF43-867F-42CA-9A56-B0604E7014D8}.Release|x64.Build.0 = Release|Any CPU
		{2F31AF43-867F-42CA-9A56-B0604E7014D8}.Release|x86.ActiveCfg = Release|Any CPU
		{2F31AF43-867F-42CA-9A56-B0604E7014D8}.Release|x86.Build.0 = Release|Any CPU
		{F7A0A61C-C7E8-47D3-8419-72131AF49A9B}.Debug|Any CPU.ActiveCfg = Debug|Any CPU
		{F7A0A61C-C7E8-47D3-8419-72131AF49A9B}.Debug|Any CPU.Build.0 = Debug|Any CPU
		{F7A0A61C-C7E8-47D3-8419-72131AF49A9B}.Debug|ARM32.ActiveCfg = Debug|Any CPU
		{F7A0A61C-C7E8-47D3-8419-72131AF49A9B}.Debug|ARM32.Build.0 = Debug|Any CPU
		{F7A0A61C-C7E8-47D3-8419-72131AF49A9B}.Debug|x64.ActiveCfg = Debug|Any CPU
		{F7A0A61C-C7E8-47D3-8419-72131AF49A9B}.Debug|x64.Build.0 = Debug|Any CPU
		{F7A0A61C-C7E8-47D3-8419-72131AF49A9B}.Debug|x86.ActiveCfg = Debug|Any CPU
		{F7A0A61C-C7E8-47D3-8419-72131AF49A9B}.Debug|x86.Build.0 = Debug|Any CPU
		{F7A0A61C-C7E8-47D3-8419-72131AF49A9B}.Release|Any CPU.ActiveCfg = Release|Any CPU
		{F7A0A61C-C7E8-47D3-8419-72131AF49A9B}.Release|Any CPU.Build.0 = Release|Any CPU
		{F7A0A61C-C7E8-47D3-8419-72131AF49A9B}.Release|ARM32.ActiveCfg = Release|Any CPU
		{F7A0A61C-C7E8-47D3-8419-72131AF49A9B}.Release|ARM32.Build.0 = Release|Any CPU
		{F7A0A61C-C7E8-47D3-8419-72131AF49A9B}.Release|x64.ActiveCfg = Release|Any CPU
		{F7A0A61C-C7E8-47D3-8419-72131AF49A9B}.Release|x64.Build.0 = Release|Any CPU
		{F7A0A61C-C7E8-47D3-8419-72131AF49A9B}.Release|x86.ActiveCfg = Release|Any CPU
		{F7A0A61C-C7E8-47D3-8419-72131AF49A9B}.Release|x86.Build.0 = Release|Any CPU
		{76261D7A-0A2A-4C39-90AF-21F1D321661B}.Debug|Any CPU.ActiveCfg = Debug|Any CPU
		{76261D7A-0A2A-4C39-90AF-21F1D321661B}.Debug|Any CPU.Build.0 = Debug|Any CPU
		{76261D7A-0A2A-4C39-90AF-21F1D321661B}.Debug|ARM32.ActiveCfg = Debug|ARM32
		{76261D7A-0A2A-4C39-90AF-21F1D321661B}.Debug|ARM32.Build.0 = Debug|ARM32
		{76261D7A-0A2A-4C39-90AF-21F1D321661B}.Debug|x64.ActiveCfg = Debug|x64
		{76261D7A-0A2A-4C39-90AF-21F1D321661B}.Debug|x64.Build.0 = Debug|x64
		{76261D7A-0A2A-4C39-90AF-21F1D321661B}.Debug|x86.ActiveCfg = Debug|x86
		{76261D7A-0A2A-4C39-90AF-21F1D321661B}.Debug|x86.Build.0 = Debug|x86
		{76261D7A-0A2A-4C39-90AF-21F1D321661B}.Release|Any CPU.ActiveCfg = Release|Any CPU
		{76261D7A-0A2A-4C39-90AF-21F1D321661B}.Release|Any CPU.Build.0 = Release|Any CPU
		{76261D7A-0A2A-4C39-90AF-21F1D321661B}.Release|ARM32.ActiveCfg = Release|ARM32
		{76261D7A-0A2A-4C39-90AF-21F1D321661B}.Release|ARM32.Build.0 = Release|ARM32
		{76261D7A-0A2A-4C39-90AF-21F1D321661B}.Release|x64.ActiveCfg = Release|x64
		{76261D7A-0A2A-4C39-90AF-21F1D321661B}.Release|x64.Build.0 = Release|x64
		{76261D7A-0A2A-4C39-90AF-21F1D321661B}.Release|x86.ActiveCfg = Release|x86
		{76261D7A-0A2A-4C39-90AF-21F1D321661B}.Release|x86.Build.0 = Release|x86
	EndGlobalSection
	GlobalSection(SolutionProperties) = preSolution
		HideSolutionNode = FALSE
	EndGlobalSection
	GlobalSection(NestedProjects) = preSolution
		{9F5269FF-7895-4EAD-991E-7237142E0313} = {D0CB951F-ACE6-4DFE-8916-F4A778AD68E8}
		{400CE1BF-3E97-43EA-A257-6169455A23FF} = {D0CB951F-ACE6-4DFE-8916-F4A778AD68E8}
		{559D3CC0-2048-4D0E-801A-4E3104B6446B} = {D0CB951F-ACE6-4DFE-8916-F4A778AD68E8}
		{C1D2C331-CDE1-4DC8-9432-1B35BD73B5D7} = {D0CB951F-ACE6-4DFE-8916-F4A778AD68E8}
	EndGlobalSection
	GlobalSection(ExtensibilityGlobals) = postSolution
		SolutionGuid = {8236D9C0-4521-4D71-A1C3-30D6E29ED273}
	EndGlobalSection
EndGlobal
