
Microsoft Visual Studio Solution File, Format Version 12.00
# Visual Studio Version 17
VisualStudioVersion = 17.0.31903.59
MinimumVisualStudioVersion = 10.0.40219.1
Project("{2150E333-8FDC-42A3-9474-1A3956D46DE8}") = "Tests", "Tests", "{0829D649-2781-425A-88D7-4F31036CD47E}"
EndProject
Project("{2150E333-8FDC-42A3-9474-1A3956D46DE8}") = "Libs", "Libs", "{FC098FFB-4CCA-4EB2-8BE3-F5BB3455FBE9}"
EndProject
Project("{9A19103F-16F7-4668-BE54-9A1E7A4F7556}") = "Windetta.Common", "Windetta.Common\src\Windetta.Common.csproj", "{39EA6A5B-7841-43EE-936C-1E703D3494C1}"
EndProject
Project("{9A19103F-16F7-4668-BE54-9A1E7A4F7556}") = "Windetta.Contracts", "Windetta.Contracts\Windetta.Contracts.csproj", "{B1E10BA0-31E2-490A-86C5-451DD5CE9A2B}"
	ProjectSection(ProjectDependencies) = postProject
		{F19558B2-6FDC-4203-ADB1-C8AD0C4E9CBE} = {F19558B2-6FDC-4203-ADB1-C8AD0C4E9CBE}
	EndProjectSection
EndProject
Project("{9A19103F-16F7-4668-BE54-9A1E7A4F7556}") = "Windetta.Main.Core", "Windetta.Main.Core\Windetta.Main.Core.csproj", "{6F7D1C7D-07C7-4B04-A141-1688AA195E83}"
	ProjectSection(ProjectDependencies) = postProject
		{39EA6A5B-7841-43EE-936C-1E703D3494C1} = {39EA6A5B-7841-43EE-936C-1E703D3494C1}
		{B1E10BA0-31E2-490A-86C5-451DD5CE9A2B} = {B1E10BA0-31E2-490A-86C5-451DD5CE9A2B}
		{F19558B2-6FDC-4203-ADB1-C8AD0C4E9CBE} = {F19558B2-6FDC-4203-ADB1-C8AD0C4E9CBE}
	EndProjectSection
EndProject
Project("{9A19103F-16F7-4668-BE54-9A1E7A4F7556}") = "Windetta.IdentityTests", "Windetta.Identity\tests\Windetta.IdentityTests.csproj", "{18EBDB54-D866-4888-A54A-42E80D380E4E}"
EndProject
Project("{9A19103F-16F7-4668-BE54-9A1E7A4F7556}") = "Windetta.MainTests", "Windetta.Main\tests\Windetta.MainTests.csproj", "{948231B3-EAF6-4405-9D38-04FCC5B221E6}"
	ProjectSection(ProjectDependencies) = postProject
		{6F7D1C7D-07C7-4B04-A141-1688AA195E83} = {6F7D1C7D-07C7-4B04-A141-1688AA195E83}
	EndProjectSection
EndProject
Project("{9A19103F-16F7-4668-BE54-9A1E7A4F7556}") = "Windetta.TonTxnsTests", "Windetta.TonTxns\tests\Windetta.TonTxnsTests.csproj", "{295220E1-C983-42F9-A28B-7461B4D38F0C}"
EndProject
Project("{9A19103F-16F7-4668-BE54-9A1E7A4F7556}") = "Windetta.WalletTests", "Windetta.Wallet\tests\Windetta.WalletTests.csproj", "{050CC4A7-970C-4BAA-B529-53B957088446}"
EndProject
Project("{9A19103F-16F7-4668-BE54-9A1E7A4F7556}") = "Windetta.Wallet", "Windetta.Wallet\src\Windetta.Wallet.csproj", "{A5903547-79C4-4D80-9CED-8B237474E67E}"
EndProject
Project("{9A19103F-16F7-4668-BE54-9A1E7A4F7556}") = "Windetta.Identity", "Windetta.Identity\src\Windetta.Identity.csproj", "{83308E8E-D4C1-4F02-A25C-15079C781FDC}"
EndProject
Project("{9A19103F-16F7-4668-BE54-9A1E7A4F7556}") = "Windetta.Main", "Windetta.Main\src\Windetta.Main.csproj", "{AD079F33-14E8-4CE2-B787-3F3460E40218}"
	ProjectSection(ProjectDependencies) = postProject
		{6F7D1C7D-07C7-4B04-A141-1688AA195E83} = {6F7D1C7D-07C7-4B04-A141-1688AA195E83}
	EndProjectSection
EndProject
Project("{9A19103F-16F7-4668-BE54-9A1E7A4F7556}") = "Windetta.TonTxns", "Windetta.TonTxns\src\Windetta.TonTxns.csproj", "{407FED59-67F7-4D26-9382-BB4E13232C71}"
EndProject
Project("{9A19103F-16F7-4668-BE54-9A1E7A4F7556}") = "Windetta.Web", "Windetta.Web\src\Windetta.Web.csproj", "{274872F8-DDB3-4843-BD55-9D95F6F71867}"
EndProject
Project("{9A19103F-16F7-4668-BE54-9A1E7A4F7556}") = "LSPM", "lspm\lspm\src\LSPM.csproj", "{9648C9D5-943F-49FD-A810-90EBE2EEDD3D}"
EndProject
Project("{9A19103F-16F7-4668-BE54-9A1E7A4F7556}") = "LspmTests", "lspm\lspm\tests\LspmTests.csproj", "{1B8A47B5-711C-4C57-B6BC-2CAAAAA0F38C}"
	ProjectSection(ProjectDependencies) = postProject
		{9648C9D5-943F-49FD-A810-90EBE2EEDD3D} = {9648C9D5-943F-49FD-A810-90EBE2EEDD3D}
		{F19558B2-6FDC-4203-ADB1-C8AD0C4E9CBE} = {F19558B2-6FDC-4203-ADB1-C8AD0C4E9CBE}
	EndProjectSection
EndProject
Project("{9A19103F-16F7-4668-BE54-9A1E7A4F7556}") = "SeaBattleTests", "..\gameservers\sea-battle\tests\SeaBattleTests.csproj", "{F6FCE622-9C7B-4D4E-9A17-EF97FBFA44AA}"
EndProject
Project("{9A19103F-16F7-4668-BE54-9A1E7A4F7556}") = "SeaBattle", "..\gameservers\sea-battle\src\SeaBattle.csproj", "{5C3F45D4-8262-4F99-94A9-2F3582FCA226}"
	ProjectSection(ProjectDependencies) = postProject
		{F19558B2-6FDC-4203-ADB1-C8AD0C4E9CBE} = {F19558B2-6FDC-4203-ADB1-C8AD0C4E9CBE}
	EndProjectSection
EndProject
Project("{9A19103F-16F7-4668-BE54-9A1E7A4F7556}") = "LSPM.Models", "lspm\lspm-models\src\LSPM.Models.csproj", "{F19558B2-6FDC-4203-ADB1-C8AD0C4E9CBE}"
EndProject
Project("{9A19103F-16F7-4668-BE54-9A1E7A4F7556}") = "test_game", "..\gameservers\test_game\test_game.csproj", "{40A2C0C5-BBE7-461C-B627-EE79E3689514}"
EndProject
Project("{2150E333-8FDC-42A3-9474-1A3956D46DE8}") = "GameServers", "GameServers", "{6BF260FA-9052-4E22-B532-23CC3E8EF163}"
EndProject
Project("{9A19103F-16F7-4668-BE54-9A1E7A4F7556}") = "Fool.CardGame.Tests", "..\gameservers\fool\Fool.CardGame.Tests\Fool.CardGame.Tests.csproj", "{AFD59FA9-FF6C-4C2E-A3E8-DE1FA260F112}"
EndProject
Project("{9A19103F-16F7-4668-BE54-9A1E7A4F7556}") = "Fool.CardGame", "..\gameservers\fool\Fool.CardGame\Fool.CardGame.csproj", "{640C7EBF-A1DA-4332-A111-6100CB9EDB96}"
EndProject
Project("{FAE04EC0-301F-11D3-BF4B-00C04F79EFBC}") = "GameServer.Common", "..\gameservers\GameServer.Common\GameServer.Common.csproj", "{144FCB09-B864-4ECF-A868-39E8BD660CFA}"
EndProject
Project("{FAE04EC0-301F-11D3-BF4B-00C04F79EFBC}") = "IdentityServer4", "..\IdentityServer4Net8\IdentityServer4\IdentityServer4.csproj", "{EFAF8FCE-452E-49A5-B949-6F19A69CE8EA}"
EndProject
Global
	GlobalSection(SolutionConfigurationPlatforms) = preSolution
		Debug|Any CPU = Debug|Any CPU
		Debug|ARM32 = Debug|ARM32
		Debug|x64 = Debug|x64
		Debug|x86 = Debug|x86
		Release|Any CPU = Release|Any CPU
		Release|ARM32 = Release|ARM32
		Release|x64 = Release|x64
		Release|x86 = Release|x86
	EndGlobalSection
	GlobalSection(ProjectConfigurationPlatforms) = postSolution
		{39EA6A5B-7841-43EE-936C-1E703D3494C1}.Debug|Any CPU.ActiveCfg = Debug|Any CPU
		{39EA6A5B-7841-43EE-936C-1E703D3494C1}.Debug|Any CPU.Build.0 = Debug|Any CPU
		{39EA6A5B-7841-43EE-936C-1E703D3494C1}.Debug|ARM32.ActiveCfg = Debug|ARM32
		{39EA6A5B-7841-43EE-936C-1E703D3494C1}.Debug|ARM32.Build.0 = Debug|ARM32
		{39EA6A5B-7841-43EE-936C-1E703D3494C1}.Debug|x64.ActiveCfg = Debug|x64
		{39EA6A5B-7841-43EE-936C-1E703D3494C1}.Debug|x64.Build.0 = Debug|x64
		{39EA6A5B-7841-43EE-936C-1E703D3494C1}.Debug|x86.ActiveCfg = Debug|x86
		{39EA6A5B-7841-43EE-936C-1E703D3494C1}.Debug|x86.Build.0 = Debug|x86
		{39EA6A5B-7841-43EE-936C-1E703D3494C1}.Release|Any CPU.ActiveCfg = Release|Any CPU
		{39EA6A5B-7841-43EE-936C-1E703D3494C1}.Release|Any CPU.Build.0 = Release|Any CPU
		{39EA6A5B-7841-43EE-936C-1E703D3494C1}.Release|ARM32.ActiveCfg = Release|ARM32
		{39EA6A5B-7841-43EE-936C-1E703D3494C1}.Release|ARM32.Build.0 = Release|ARM32
		{39EA6A5B-7841-43EE-936C-1E703D3494C1}.Release|x64.ActiveCfg = Release|x64
		{39EA6A5B-7841-43EE-936C-1E703D3494C1}.Release|x64.Build.0 = Release|x64
		{39EA6A5B-7841-43EE-936C-1E703D3494C1}.Release|x86.ActiveCfg = Release|x86
		{39EA6A5B-7841-43EE-936C-1E703D3494C1}.Release|x86.Build.0 = Release|x86
		{B1E10BA0-31E2-490A-86C5-451DD5CE9A2B}.Debug|Any CPU.ActiveCfg = Debug|Any CPU
		{B1E10BA0-31E2-490A-86C5-451DD5CE9A2B}.Debug|Any CPU.Build.0 = Debug|Any CPU
		{B1E10BA0-31E2-490A-86C5-451DD5CE9A2B}.Debug|ARM32.ActiveCfg = Debug|ARM32
		{B1E10BA0-31E2-490A-86C5-451DD5CE9A2B}.Debug|ARM32.Build.0 = Debug|ARM32
		{B1E10BA0-31E2-490A-86C5-451DD5CE9A2B}.Debug|x64.ActiveCfg = Debug|x64
		{B1E10BA0-31E2-490A-86C5-451DD5CE9A2B}.Debug|x64.Build.0 = Debug|x64
		{B1E10BA0-31E2-490A-86C5-451DD5CE9A2B}.Debug|x86.ActiveCfg = Debug|x86
		{B1E10BA0-31E2-490A-86C5-451DD5CE9A2B}.Debug|x86.Build.0 = Debug|x86
		{B1E10BA0-31E2-490A-86C5-451DD5CE9A2B}.Release|Any CPU.ActiveCfg = Release|Any CPU
		{B1E10BA0-31E2-490A-86C5-451DD5CE9A2B}.Release|Any CPU.Build.0 = Release|Any CPU
		{B1E10BA0-31E2-490A-86C5-451DD5CE9A2B}.Release|ARM32.ActiveCfg = Release|ARM32
		{B1E10BA0-31E2-490A-86C5-451DD5CE9A2B}.Release|ARM32.Build.0 = Release|ARM32
		{B1E10BA0-31E2-490A-86C5-451DD5CE9A2B}.Release|x64.ActiveCfg = Release|x64
		{B1E10BA0-31E2-490A-86C5-451DD5CE9A2B}.Release|x64.Build.0 = Release|x64
		{B1E10BA0-31E2-490A-86C5-451DD5CE9A2B}.Release|x86.ActiveCfg = Release|x86
		{B1E10BA0-31E2-490A-86C5-451DD5CE9A2B}.Release|x86.Build.0 = Release|x86
		{6F7D1C7D-07C7-4B04-A141-1688AA195E83}.Debug|Any CPU.ActiveCfg = Debug|Any CPU
		{6F7D1C7D-07C7-4B04-A141-1688AA195E83}.Debug|Any CPU.Build.0 = Debug|Any CPU
		{6F7D1C7D-07C7-4B04-A141-1688AA195E83}.Debug|ARM32.ActiveCfg = Debug|Any CPU
		{6F7D1C7D-07C7-4B04-A141-1688AA195E83}.Debug|ARM32.Build.0 = Debug|Any CPU
		{6F7D1C7D-07C7-4B04-A141-1688AA195E83}.Debug|x64.ActiveCfg = Debug|Any CPU
		{6F7D1C7D-07C7-4B04-A141-1688AA195E83}.Debug|x64.Build.0 = Debug|Any CPU
		{6F7D1C7D-07C7-4B04-A141-1688AA195E83}.Debug|x86.ActiveCfg = Debug|Any CPU
		{6F7D1C7D-07C7-4B04-A141-1688AA195E83}.Debug|x86.Build.0 = Debug|Any CPU
		{6F7D1C7D-07C7-4B04-A141-1688AA195E83}.Release|Any CPU.ActiveCfg = Release|Any CPU
		{6F7D1C7D-07C7-4B04-A141-1688AA195E83}.Release|Any CPU.Build.0 = Release|Any CPU
		{6F7D1C7D-07C7-4B04-A141-1688AA195E83}.Release|ARM32.ActiveCfg = Release|Any CPU
		{6F7D1C7D-07C7-4B04-A141-1688AA195E83}.Release|ARM32.Build.0 = Release|Any CPU
		{6F7D1C7D-07C7-4B04-A141-1688AA195E83}.Release|x64.ActiveCfg = Release|Any CPU
		{6F7D1C7D-07C7-4B04-A141-1688AA195E83}.Release|x64.Build.0 = Release|Any CPU
		{6F7D1C7D-07C7-4B04-A141-1688AA195E83}.Release|x86.ActiveCfg = Release|Any CPU
		{6F7D1C7D-07C7-4B04-A141-1688AA195E83}.Release|x86.Build.0 = Release|Any CPU
		{18EBDB54-D866-4888-A54A-42E80D380E4E}.Debug|Any CPU.ActiveCfg = Debug|Any CPU
		{18EBDB54-D866-4888-A54A-42E80D380E4E}.Debug|Any CPU.Build.0 = Debug|Any CPU
		{18EBDB54-D866-4888-A54A-42E80D380E4E}.Debug|ARM32.ActiveCfg = Debug|ARM32
		{18EBDB54-D866-4888-A54A-42E80D380E4E}.Debug|ARM32.Build.0 = Debug|ARM32
		{18EBDB54-D866-4888-A54A-42E80D380E4E}.Debug|x64.ActiveCfg = Debug|x64
		{18EBDB54-D866-4888-A54A-42E80D380E4E}.Debug|x64.Build.0 = Debug|x64
		{18EBDB54-D866-4888-A54A-42E80D380E4E}.Debug|x86.ActiveCfg = Debug|x86
		{18EBDB54-D866-4888-A54A-42E80D380E4E}.Debug|x86.Build.0 = Debug|x86
		{18EBDB54-D866-4888-A54A-42E80D380E4E}.Release|Any CPU.ActiveCfg = Release|Any CPU
		{18EBDB54-D866-4888-A54A-42E80D380E4E}.Release|Any CPU.Build.0 = Release|Any CPU
		{18EBDB54-D866-4888-A54A-42E80D380E4E}.Release|ARM32.ActiveCfg = Release|ARM32
		{18EBDB54-D866-4888-A54A-42E80D380E4E}.Release|ARM32.Build.0 = Release|ARM32
		{18EBDB54-D866-4888-A54A-42E80D380E4E}.Release|x64.ActiveCfg = Release|x64
		{18EBDB54-D866-4888-A54A-42E80D380E4E}.Release|x64.Build.0 = Release|x64
		{18EBDB54-D866-4888-A54A-42E80D380E4E}.Release|x86.ActiveCfg = Release|x86
		{18EBDB54-D866-4888-A54A-42E80D380E4E}.Release|x86.Build.0 = Release|x86
		{948231B3-EAF6-4405-9D38-04FCC5B221E6}.Debug|Any CPU.ActiveCfg = Debug|Any CPU
		{948231B3-EAF6-4405-9D38-04FCC5B221E6}.Debug|Any CPU.Build.0 = Debug|Any CPU
		{948231B3-EAF6-4405-9D38-04FCC5B221E6}.Debug|ARM32.ActiveCfg = Debug|Any CPU
		{948231B3-EAF6-4405-9D38-04FCC5B221E6}.Debug|ARM32.Build.0 = Debug|Any CPU
		{948231B3-EAF6-4405-9D38-04FCC5B221E6}.Debug|x64.ActiveCfg = Debug|Any CPU
		{948231B3-EAF6-4405-9D38-04FCC5B221E6}.Debug|x64.Build.0 = Debug|Any CPU
		{948231B3-EAF6-4405-9D38-04FCC5B221E6}.Debug|x86.ActiveCfg = Debug|Any CPU
		{948231B3-EAF6-4405-9D38-04FCC5B221E6}.Debug|x86.Build.0 = Debug|Any CPU
		{948231B3-EAF6-4405-9D38-04FCC5B221E6}.Release|Any CPU.ActiveCfg = Release|Any CPU
		{948231B3-EAF6-4405-9D38-04FCC5B221E6}.Release|Any CPU.Build.0 = Release|Any CPU
		{948231B3-EAF6-4405-9D38-04FCC5B221E6}.Release|ARM32.ActiveCfg = Release|Any CPU
		{948231B3-EAF6-4405-9D38-04FCC5B221E6}.Release|ARM32.Build.0 = Release|Any CPU
		{948231B3-EAF6-4405-9D38-04FCC5B221E6}.Release|x64.ActiveCfg = Release|Any CPU
		{948231B3-EAF6-4405-9D38-04FCC5B221E6}.Release|x64.Build.0 = Release|Any CPU
		{948231B3-EAF6-4405-9D38-04FCC5B221E6}.Release|x86.ActiveCfg = Release|Any CPU
		{948231B3-EAF6-4405-9D38-04FCC5B221E6}.Release|x86.Build.0 = Release|Any CPU
		{295220E1-C983-42F9-A28B-7461B4D38F0C}.Debug|Any CPU.ActiveCfg = Debug|Any CPU
		{295220E1-C983-42F9-A28B-7461B4D38F0C}.Debug|Any CPU.Build.0 = Debug|Any CPU
		{295220E1-C983-42F9-A28B-7461B4D38F0C}.Debug|ARM32.ActiveCfg = Debug|ARM32
		{295220E1-C983-42F9-A28B-7461B4D38F0C}.Debug|ARM32.Build.0 = Debug|ARM32
		{295220E1-C983-42F9-A28B-7461B4D38F0C}.Debug|x64.ActiveCfg = Debug|x64
		{295220E1-C983-42F9-A28B-7461B4D38F0C}.Debug|x64.Build.0 = Debug|x64
		{295220E1-C983-42F9-A28B-7461B4D38F0C}.Debug|x86.ActiveCfg = Debug|x86
		{295220E1-C983-42F9-A28B-7461B4D38F0C}.Debug|x86.Build.0 = Debug|x86
		{295220E1-C983-42F9-A28B-7461B4D38F0C}.Release|Any CPU.ActiveCfg = Release|Any CPU
		{295220E1-C983-42F9-A28B-7461B4D38F0C}.Release|Any CPU.Build.0 = Release|Any CPU
		{295220E1-C983-42F9-A28B-7461B4D38F0C}.Release|ARM32.ActiveCfg = Release|ARM32
		{295220E1-C983-42F9-A28B-7461B4D38F0C}.Release|ARM32.Build.0 = Release|ARM32
		{295220E1-C983-42F9-A28B-7461B4D38F0C}.Release|x64.ActiveCfg = Release|x64
		{295220E1-C983-42F9-A28B-7461B4D38F0C}.Release|x64.Build.0 = Release|x64
		{295220E1-C983-42F9-A28B-7461B4D38F0C}.Release|x86.ActiveCfg = Release|x86
		{295220E1-C983-42F9-A28B-7461B4D38F0C}.Release|x86.Build.0 = Release|x86
		{050CC4A7-970C-4BAA-B529-53B957088446}.Debug|Any CPU.ActiveCfg = Debug|Any CPU
		{050CC4A7-970C-4BAA-B529-53B957088446}.Debug|Any CPU.Build.0 = Debug|Any CPU
		{050CC4A7-970C-4BAA-B529-53B957088446}.Debug|ARM32.ActiveCfg = Debug|ARM32
		{050CC4A7-970C-4BAA-B529-53B957088446}.Debug|ARM32.Build.0 = Debug|ARM32
		{050CC4A7-970C-4BAA-B529-53B957088446}.Debug|x64.ActiveCfg = Debug|x64
		{050CC4A7-970C-4BAA-B529-53B957088446}.Debug|x64.Build.0 = Debug|x64
		{050CC4A7-970C-4BAA-B529-53B957088446}.Debug|x86.ActiveCfg = Debug|x86
		{050CC4A7-970C-4BAA-B529-53B957088446}.Debug|x86.Build.0 = Debug|x86
		{050CC4A7-970C-4BAA-B529-53B957088446}.Release|Any CPU.ActiveCfg = Release|Any CPU
		{050CC4A7-970C-4BAA-B529-53B957088446}.Release|Any CPU.Build.0 = Release|Any CPU
		{050CC4A7-970C-4BAA-B529-53B957088446}.Release|ARM32.ActiveCfg = Release|ARM32
		{050CC4A7-970C-4BAA-B529-53B957088446}.Release|ARM32.Build.0 = Release|ARM32
		{050CC4A7-970C-4BAA-B529-53B957088446}.Release|x64.ActiveCfg = Release|x64
		{050CC4A7-970C-4BAA-B529-53B957088446}.Release|x64.Build.0 = Release|x64
		{050CC4A7-970C-4BAA-B529-53B957088446}.Release|x86.ActiveCfg = Release|x86
		{050CC4A7-970C-4BAA-B529-53B957088446}.Release|x86.Build.0 = Release|x86
		{A5903547-79C4-4D80-9CED-8B237474E67E}.Debug|Any CPU.ActiveCfg = Debug|Any CPU
		{A5903547-79C4-4D80-9CED-8B237474E67E}.Debug|Any CPU.Build.0 = Debug|Any CPU
		{A5903547-79C4-4D80-9CED-8B237474E67E}.Debug|ARM32.ActiveCfg = Debug|ARM32
		{A5903547-79C4-4D80-9CED-8B237474E67E}.Debug|ARM32.Build.0 = Debug|ARM32
		{A5903547-79C4-4D80-9CED-8B237474E67E}.Debug|x64.ActiveCfg = Debug|x64
		{A5903547-79C4-4D80-9CED-8B237474E67E}.Debug|x64.Build.0 = Debug|x64
		{A5903547-79C4-4D80-9CED-8B237474E67E}.Debug|x86.ActiveCfg = Debug|x86
		{A5903547-79C4-4D80-9CED-8B237474E67E}.Debug|x86.Build.0 = Debug|x86
		{A5903547-79C4-4D80-9CED-8B237474E67E}.Release|Any CPU.ActiveCfg = Release|Any CPU
		{A5903547-79C4-4D80-9CED-8B237474E67E}.Release|Any CPU.Build.0 = Release|Any CPU
		{A5903547-79C4-4D80-9CED-8B237474E67E}.Release|ARM32.ActiveCfg = Release|ARM32
		{A5903547-79C4-4D80-9CED-8B237474E67E}.Release|ARM32.Build.0 = Release|ARM32
		{A5903547-79C4-4D80-9CED-8B237474E67E}.Release|x64.ActiveCfg = Release|x64
		{A5903547-79C4-4D80-9CED-8B237474E67E}.Release|x64.Build.0 = Release|x64
		{A5903547-79C4-4D80-9CED-8B237474E67E}.Release|x86.ActiveCfg = Release|x86
		{A5903547-79C4-4D80-9CED-8B237474E67E}.Release|x86.Build.0 = Release|x86
		{83308E8E-D4C1-4F02-A25C-15079C781FDC}.Debug|Any CPU.ActiveCfg = Debug|Any CPU
		{83308E8E-D4C1-4F02-A25C-15079C781FDC}.Debug|Any CPU.Build.0 = Debug|Any CPU
		{83308E8E-D4C1-4F02-A25C-15079C781FDC}.Debug|ARM32.ActiveCfg = Debug|ARM32
		{83308E8E-D4C1-4F02-A25C-15079C781FDC}.Debug|ARM32.Build.0 = Debug|ARM32
		{83308E8E-D4C1-4F02-A25C-15079C781FDC}.Debug|x64.ActiveCfg = Debug|x64
		{83308E8E-D4C1-4F02-A25C-15079C781FDC}.Debug|x64.Build.0 = Debug|x64
		{83308E8E-D4C1-4F02-A25C-15079C781FDC}.Debug|x86.ActiveCfg = Debug|x86
		{83308E8E-D4C1-4F02-A25C-15079C781FDC}.Debug|x86.Build.0 = Debug|x86
		{83308E8E-D4C1-4F02-A25C-15079C781FDC}.Release|Any CPU.ActiveCfg = Release|Any CPU
		{83308E8E-D4C1-4F02-A25C-15079C781FDC}.Release|Any CPU.Build.0 = Release|Any CPU
		{83308E8E-D4C1-4F02-A25C-15079C781FDC}.Release|ARM32.ActiveCfg = Release|ARM32
		{83308E8E-D4C1-4F02-A25C-15079C781FDC}.Release|ARM32.Build.0 = Release|ARM32
		{83308E8E-D4C1-4F02-A25C-15079C781FDC}.Release|x64.ActiveCfg = Release|x64
		{83308E8E-D4C1-4F02-A25C-15079C781FDC}.Release|x64.Build.0 = Release|x64
		{83308E8E-D4C1-4F02-A25C-15079C781FDC}.Release|x86.ActiveCfg = Release|x86
		{83308E8E-D4C1-4F02-A25C-15079C781FDC}.Release|x86.Build.0 = Release|x86
		{AD079F33-14E8-4CE2-B787-3F3460E40218}.Debug|Any CPU.ActiveCfg = Debug|Any CPU
		{AD079F33-14E8-4CE2-B787-3F3460E40218}.Debug|Any CPU.Build.0 = Debug|Any CPU
		{AD079F33-14E8-4CE2-B787-3F3460E40218}.Debug|ARM32.ActiveCfg = Debug|ARM32
		{AD079F33-14E8-4CE2-B787-3F3460E40218}.Debug|ARM32.Build.0 = Debug|ARM32
		{AD079F33-14E8-4CE2-B787-3F3460E40218}.Debug|x64.ActiveCfg = Debug|x64
		{AD079F33-14E8-4CE2-B787-3F3460E40218}.Debug|x64.Build.0 = Debug|x64
		{AD079F33-14E8-4CE2-B787-3F3460E40218}.Debug|x86.ActiveCfg = Debug|x86
		{AD079F33-14E8-4CE2-B787-3F3460E40218}.Debug|x86.Build.0 = Debug|x86
		{AD079F33-14E8-4CE2-B787-3F3460E40218}.Release|Any CPU.ActiveCfg = Release|Any CPU
		{AD079F33-14E8-4CE2-B787-3F3460E40218}.Release|Any CPU.Build.0 = Release|Any CPU
		{AD079F33-14E8-4CE2-B787-3F3460E40218}.Release|ARM32.ActiveCfg = Release|ARM32
		{AD079F33-14E8-4CE2-B787-3F3460E40218}.Release|ARM32.Build.0 = Release|ARM32
		{AD079F33-14E8-4CE2-B787-3F3460E40218}.Release|x64.ActiveCfg = Release|x64
		{AD079F33-14E8-4CE2-B787-3F3460E40218}.Release|x64.Build.0 = Release|x64
		{AD079F33-14E8-4CE2-B787-3F3460E40218}.Release|x86.ActiveCfg = Release|x86
		{AD079F33-14E8-4CE2-B787-3F3460E40218}.Release|x86.Build.0 = Release|x86
		{407FED59-67F7-4D26-9382-BB4E13232C71}.Debug|Any CPU.ActiveCfg = Debug|Any CPU
		{407FED59-67F7-4D26-9382-BB4E13232C71}.Debug|Any CPU.Build.0 = Debug|Any CPU
		{407FED59-67F7-4D26-9382-BB4E13232C71}.Debug|ARM32.ActiveCfg = Debug|ARM32
		{407FED59-67F7-4D26-9382-BB4E13232C71}.Debug|ARM32.Build.0 = Debug|ARM32
		{407FED59-67F7-4D26-9382-BB4E13232C71}.Debug|x64.ActiveCfg = Debug|x64
		{407FED59-67F7-4D26-9382-BB4E13232C71}.Debug|x64.Build.0 = Debug|x64
		{407FED59-67F7-4D26-9382-BB4E13232C71}.Debug|x86.ActiveCfg = Debug|x86
		{407FED59-67F7-4D26-9382-BB4E13232C71}.Debug|x86.Build.0 = Debug|x86
		{407FED59-67F7-4D26-9382-BB4E13232C71}.Release|Any CPU.ActiveCfg = Release|Any CPU
		{407FED59-67F7-4D26-9382-BB4E13232C71}.Release|Any CPU.Build.0 = Release|Any CPU
		{407FED59-67F7-4D26-9382-BB4E13232C71}.Release|ARM32.ActiveCfg = Release|ARM32
		{407FED59-67F7-4D26-9382-BB4E13232C71}.Release|ARM32.Build.0 = Release|ARM32
		{407FED59-67F7-4D26-9382-BB4E13232C71}.Release|x64.ActiveCfg = Release|x64
		{407FED59-67F7-4D26-9382-BB4E13232C71}.Release|x64.Build.0 = Release|x64
		{407FED59-67F7-4D26-9382-BB4E13232C71}.Release|x86.ActiveCfg = Release|x86
		{407FED59-67F7-4D26-9382-BB4E13232C71}.Release|x86.Build.0 = Release|x86
		{274872F8-DDB3-4843-BD55-9D95F6F71867}.Debug|Any CPU.ActiveCfg = Debug|Any CPU
		{274872F8-DDB3-4843-BD55-9D95F6F71867}.Debug|Any CPU.Build.0 = Debug|Any CPU
		{274872F8-DDB3-4843-BD55-9D95F6F71867}.Debug|ARM32.ActiveCfg = Debug|Any CPU
		{274872F8-DDB3-4843-BD55-9D95F6F71867}.Debug|ARM32.Build.0 = Debug|Any CPU
		{274872F8-DDB3-4843-BD55-9D95F6F71867}.Debug|x64.ActiveCfg = Debug|Any CPU
		{274872F8-DDB3-4843-BD55-9D95F6F71867}.Debug|x64.Build.0 = Debug|Any CPU
		{274872F8-DDB3-4843-BD55-9D95F6F71867}.Debug|x86.ActiveCfg = Debug|Any CPU
		{274872F8-DDB3-4843-BD55-9D95F6F71867}.Debug|x86.Build.0 = Debug|Any CPU
		{274872F8-DDB3-4843-BD55-9D95F6F71867}.Release|Any CPU.ActiveCfg = Release|Any CPU
		{274872F8-DDB3-4843-BD55-9D95F6F71867}.Release|Any CPU.Build.0 = Release|Any CPU
		{274872F8-DDB3-4843-BD55-9D95F6F71867}.Release|ARM32.ActiveCfg = Release|Any CPU
		{274872F8-DDB3-4843-BD55-9D95F6F71867}.Release|ARM32.Build.0 = Release|Any CPU
		{274872F8-DDB3-4843-BD55-9D95F6F71867}.Release|x64.ActiveCfg = Release|Any CPU
		{274872F8-DDB3-4843-BD55-9D95F6F71867}.Release|x64.Build.0 = Release|Any CPU
		{274872F8-DDB3-4843-BD55-9D95F6F71867}.Release|x86.ActiveCfg = Release|Any CPU
		{274872F8-DDB3-4843-BD55-9D95F6F71867}.Release|x86.Build.0 = Release|Any CPU
		{9648C9D5-943F-49FD-A810-90EBE2EEDD3D}.Debug|Any CPU.ActiveCfg = Debug|Any CPU
		{9648C9D5-943F-49FD-A810-90EBE2EEDD3D}.Debug|Any CPU.Build.0 = Debug|Any CPU
		{9648C9D5-943F-49FD-A810-90EBE2EEDD3D}.Debug|ARM32.ActiveCfg = Debug|Any CPU
		{9648C9D5-943F-49FD-A810-90EBE2EEDD3D}.Debug|ARM32.Build.0 = Debug|Any CPU
		{9648C9D5-943F-49FD-A810-90EBE2EEDD3D}.Debug|x64.ActiveCfg = Debug|Any CPU
		{9648C9D5-943F-49FD-A810-90EBE2EEDD3D}.Debug|x64.Build.0 = Debug|Any CPU
		{9648C9D5-943F-49FD-A810-90EBE2EEDD3D}.Debug|x86.ActiveCfg = Debug|Any CPU
		{9648C9D5-943F-49FD-A810-90EBE2EEDD3D}.Debug|x86.Build.0 = Debug|Any CPU
		{9648C9D5-943F-49FD-A810-90EBE2EEDD3D}.Release|Any CPU.ActiveCfg = Release|Any CPU
		{9648C9D5-943F-49FD-A810-90EBE2EEDD3D}.Release|Any CPU.Build.0 = Release|Any CPU
		{9648C9D5-943F-49FD-A810-90EBE2EEDD3D}.Release|ARM32.ActiveCfg = Release|Any CPU
		{9648C9D5-943F-49FD-A810-90EBE2EEDD3D}.Release|ARM32.Build.0 = Release|Any CPU
		{9648C9D5-943F-49FD-A810-90EBE2EEDD3D}.Release|x64.ActiveCfg = Release|Any CPU
		{9648C9D5-943F-49FD-A810-90EBE2EEDD3D}.Release|x64.Build.0 = Release|Any CPU
		{9648C9D5-943F-49FD-A810-90EBE2EEDD3D}.Release|x86.ActiveCfg = Release|Any CPU
		{9648C9D5-943F-49FD-A810-90EBE2EEDD3D}.Release|x86.Build.0 = Release|Any CPU
		{1B8A47B5-711C-4C57-B6BC-2CAAAAA0F38C}.Debug|Any CPU.ActiveCfg = Debug|Any CPU
		{1B8A47B5-711C-4C57-B6BC-2CAAAAA0F38C}.Debug|Any CPU.Build.0 = Debug|Any CPU
		{1B8A47B5-711C-4C57-B6BC-2CAAAAA0F38C}.Debug|ARM32.ActiveCfg = Debug|Any CPU
		{1B8A47B5-711C-4C57-B6BC-2CAAAAA0F38C}.Debug|ARM32.Build.0 = Debug|Any CPU
		{1B8A47B5-711C-4C57-B6BC-2CAAAAA0F38C}.Debug|x64.ActiveCfg = Debug|Any CPU
		{1B8A47B5-711C-4C57-B6BC-2CAAAAA0F38C}.Debug|x64.Build.0 = Debug|Any CPU
		{1B8A47B5-711C-4C57-B6BC-2CAAAAA0F38C}.Debug|x86.ActiveCfg = Debug|Any CPU
		{1B8A47B5-711C-4C57-B6BC-2CAAAAA0F38C}.Debug|x86.Build.0 = Debug|Any CPU
		{1B8A47B5-711C-4C57-B6BC-2CAAAAA0F38C}.Release|Any CPU.ActiveCfg = Release|Any CPU
		{1B8A47B5-711C-4C57-B6BC-2CAAAAA0F38C}.Release|Any CPU.Build.0 = Release|Any CPU
		{1B8A47B5-711C-4C57-B6BC-2CAAAAA0F38C}.Release|ARM32.ActiveCfg = Release|Any CPU
		{1B8A47B5-711C-4C57-B6BC-2CAAAAA0F38C}.Release|ARM32.Build.0 = Release|Any CPU
		{1B8A47B5-711C-4C57-B6BC-2CAAAAA0F38C}.Release|x64.ActiveCfg = Release|Any CPU
		{1B8A47B5-711C-4C57-B6BC-2CAAAAA0F38C}.Release|x64.Build.0 = Release|Any CPU
		{1B8A47B5-711C-4C57-B6BC-2CAAAAA0F38C}.Release|x86.ActiveCfg = Release|Any CPU
		{1B8A47B5-711C-4C57-B6BC-2CAAAAA0F38C}.Release|x86.Build.0 = Release|Any CPU
		{F6FCE622-9C7B-4D4E-9A17-EF97FBFA44AA}.Debug|Any CPU.ActiveCfg = Debug|Any CPU
		{F6FCE622-9C7B-4D4E-9A17-EF97FBFA44AA}.Debug|Any CPU.Build.0 = Debug|Any CPU
		{F6FCE622-9C7B-4D4E-9A17-EF97FBFA44AA}.Debug|ARM32.ActiveCfg = Debug|Any CPU
		{F6FCE622-9C7B-4D4E-9A17-EF97FBFA44AA}.Debug|ARM32.Build.0 = Debug|Any CPU
		{F6FCE622-9C7B-4D4E-9A17-EF97FBFA44AA}.Debug|x64.ActiveCfg = Debug|Any CPU
		{F6FCE622-9C7B-4D4E-9A17-EF97FBFA44AA}.Debug|x64.Build.0 = Debug|Any CPU
		{F6FCE622-9C7B-4D4E-9A17-EF97FBFA44AA}.Debug|x86.ActiveCfg = Debug|Any CPU
		{F6FCE622-9C7B-4D4E-9A17-EF97FBFA44AA}.Debug|x86.Build.0 = Debug|Any CPU
		{F6FCE622-9C7B-4D4E-9A17-EF97FBFA44AA}.Release|Any CPU.ActiveCfg = Release|Any CPU
		{F6FCE622-9C7B-4D4E-9A17-EF97FBFA44AA}.Release|Any CPU.Build.0 = Release|Any CPU
		{F6FCE622-9C7B-4D4E-9A17-EF97FBFA44AA}.Release|ARM32.ActiveCfg = Release|Any CPU
		{F6FCE622-9C7B-4D4E-9A17-EF97FBFA44AA}.Release|ARM32.Build.0 = Release|Any CPU
		{F6FCE622-9C7B-4D4E-9A17-EF97FBFA44AA}.Release|x64.ActiveCfg = Release|Any CPU
		{F6FCE622-9C7B-4D4E-9A17-EF97FBFA44AA}.Release|x64.Build.0 = Release|Any CPU
		{F6FCE622-9C7B-4D4E-9A17-EF97FBFA44AA}.Release|x86.ActiveCfg = Release|Any CPU
		{F6FCE622-9C7B-4D4E-9A17-EF97FBFA44AA}.Release|x86.Build.0 = Release|Any CPU
		{5C3F45D4-8262-4F99-94A9-2F3582FCA226}.Debug|Any CPU.ActiveCfg = Debug|Any CPU
		{5C3F45D4-8262-4F99-94A9-2F3582FCA226}.Debug|Any CPU.Build.0 = Debug|Any CPU
		{5C3F45D4-8262-4F99-94A9-2F3582FCA226}.Debug|ARM32.ActiveCfg = Debug|Any CPU
		{5C3F45D4-8262-4F99-94A9-2F3582FCA226}.Debug|ARM32.Build.0 = Debug|Any CPU
		{5C3F45D4-8262-4F99-94A9-2F3582FCA226}.Debug|x64.ActiveCfg = Debug|Any CPU
		{5C3F45D4-8262-4F99-94A9-2F3582FCA226}.Debug|x64.Build.0 = Debug|Any CPU
		{5C3F45D4-8262-4F99-94A9-2F3582FCA226}.Debug|x86.ActiveCfg = Debug|Any CPU
		{5C3F45D4-8262-4F99-94A9-2F3582FCA226}.Debug|x86.Build.0 = Debug|Any CPU
		{5C3F45D4-8262-4F99-94A9-2F3582FCA226}.Release|Any CPU.ActiveCfg = Release|Any CPU
		{5C3F45D4-8262-4F99-94A9-2F3582FCA226}.Release|Any CPU.Build.0 = Release|Any CPU
		{5C3F45D4-8262-4F99-94A9-2F3582FCA226}.Release|ARM32.ActiveCfg = Release|Any CPU
		{5C3F45D4-8262-4F99-94A9-2F3582FCA226}.Release|ARM32.Build.0 = Release|Any CPU
		{5C3F45D4-8262-4F99-94A9-2F3582FCA226}.Release|x64.ActiveCfg = Release|Any CPU
		{5C3F45D4-8262-4F99-94A9-2F3582FCA226}.Release|x64.Build.0 = Release|Any CPU
		{5C3F45D4-8262-4F99-94A9-2F3582FCA226}.Release|x86.ActiveCfg = Release|Any CPU
		{5C3F45D4-8262-4F99-94A9-2F3582FCA226}.Release|x86.Build.0 = Release|Any CPU
		{F19558B2-6FDC-4203-ADB1-C8AD0C4E9CBE}.Debug|Any CPU.ActiveCfg = Debug|Any CPU
		{F19558B2-6FDC-4203-ADB1-C8AD0C4E9CBE}.Debug|Any CPU.Build.0 = Debug|Any CPU
		{F19558B2-6FDC-4203-ADB1-C8AD0C4E9CBE}.Debug|ARM32.ActiveCfg = Debug|Any CPU
		{F19558B2-6FDC-4203-ADB1-C8AD0C4E9CBE}.Debug|ARM32.Build.0 = Debug|Any CPU
		{F19558B2-6FDC-4203-ADB1-C8AD0C4E9CBE}.Debug|x64.ActiveCfg = Debug|Any CPU
		{F19558B2-6FDC-4203-ADB1-C8AD0C4E9CBE}.Debug|x64.Build.0 = Debug|Any CPU
		{F19558B2-6FDC-4203-ADB1-C8AD0C4E9CBE}.Debug|x86.ActiveCfg = Debug|Any CPU
		{F19558B2-6FDC-4203-ADB1-C8AD0C4E9CBE}.Debug|x86.Build.0 = Debug|Any CPU
		{F19558B2-6FDC-4203-ADB1-C8AD0C4E9CBE}.Release|Any CPU.ActiveCfg = Release|Any CPU
		{F19558B2-6FDC-4203-ADB1-C8AD0C4E9CBE}.Release|Any CPU.Build.0 = Release|Any CPU
		{F19558B2-6FDC-4203-ADB1-C8AD0C4E9CBE}.Release|ARM32.ActiveCfg = Release|Any CPU
		{F19558B2-6FDC-4203-ADB1-C8AD0C4E9CBE}.Release|ARM32.Build.0 = Release|Any CPU
		{F19558B2-6FDC-4203-ADB1-C8AD0C4E9CBE}.Release|x64.ActiveCfg = Release|Any CPU
		{F19558B2-6FDC-4203-ADB1-C8AD0C4E9CBE}.Release|x64.Build.0 = Release|Any CPU
		{F19558B2-6FDC-4203-ADB1-C8AD0C4E9CBE}.Release|x86.ActiveCfg = Release|Any CPU
		{F19558B2-6FDC-4203-ADB1-C8AD0C4E9CBE}.Release|x86.Build.0 = Release|Any CPU
		{40A2C0C5-BBE7-461C-B627-EE79E3689514}.Debug|Any CPU.ActiveCfg = Debug|Any CPU
		{40A2C0C5-BBE7-461C-B627-EE79E3689514}.Debug|Any CPU.Build.0 = Debug|Any CPU
		{40A2C0C5-BBE7-461C-B627-EE79E3689514}.Debug|ARM32.ActiveCfg = Debug|Any CPU
		{40A2C0C5-BBE7-461C-B627-EE79E3689514}.Debug|ARM32.Build.0 = Debug|Any CPU
		{40A2C0C5-BBE7-461C-B627-EE79E3689514}.Debug|x64.ActiveCfg = Debug|Any CPU
		{40A2C0C5-BBE7-461C-B627-EE79E3689514}.Debug|x64.Build.0 = Debug|Any CPU
		{40A2C0C5-BBE7-461C-B627-EE79E3689514}.Debug|x86.ActiveCfg = Debug|Any CPU
		{40A2C0C5-BBE7-461C-B627-EE79E3689514}.Debug|x86.Build.0 = Debug|Any CPU
		{40A2C0C5-BBE7-461C-B627-EE79E3689514}.Release|Any CPU.ActiveCfg = Release|Any CPU
		{40A2C0C5-BBE7-461C-B627-EE79E3689514}.Release|Any CPU.Build.0 = Release|Any CPU
		{40A2C0C5-BBE7-461C-B627-EE79E3689514}.Release|ARM32.ActiveCfg = Release|Any CPU
		{40A2C0C5-BBE7-461C-B627-EE79E3689514}.Release|ARM32.Build.0 = Release|Any CPU
		{40A2C0C5-BBE7-461C-B627-EE79E3689514}.Release|x64.ActiveCfg = Release|Any CPU
		{40A2C0C5-BBE7-461C-B627-EE79E3689514}.Release|x64.Build.0 = Release|Any CPU
		{40A2C0C5-BBE7-461C-B627-EE79E3689514}.Release|x86.ActiveCfg = Release|Any CPU
		{40A2C0C5-BBE7-461C-B627-EE79E3689514}.Release|x86.Build.0 = Release|Any CPU
		{AFD59FA9-FF6C-4C2E-A3E8-DE1FA260F112}.Debug|Any CPU.ActiveCfg = Debug|Any CPU
		{AFD59FA9-FF6C-4C2E-A3E8-DE1FA260F112}.Debug|Any CPU.Build.0 = Debug|Any CPU
		{AFD59FA9-FF6C-4C2E-A3E8-DE1FA260F112}.Debug|ARM32.ActiveCfg = Debug|Any CPU
		{AFD59FA9-FF6C-4C2E-A3E8-DE1FA260F112}.Debug|ARM32.Build.0 = Debug|Any CPU
		{AFD59FA9-FF6C-4C2E-A3E8-DE1FA260F112}.Debug|x64.ActiveCfg = Debug|Any CPU
		{AFD59FA9-FF6C-4C2E-A3E8-DE1FA260F112}.Debug|x64.Build.0 = Debug|Any CPU
		{AFD59FA9-FF6C-4C2E-A3E8-DE1FA260F112}.Debug|x86.ActiveCfg = Debug|Any CPU
		{AFD59FA9-FF6C-4C2E-A3E8-DE1FA260F112}.Debug|x86.Build.0 = Debug|Any CPU
		{AFD59FA9-FF6C-4C2E-A3E8-DE1FA260F112}.Release|Any CPU.ActiveCfg = Release|Any CPU
		{AFD59FA9-FF6C-4C2E-A3E8-DE1FA260F112}.Release|Any CPU.Build.0 = Release|Any CPU
		{AFD59FA9-FF6C-4C2E-A3E8-DE1FA260F112}.Release|ARM32.ActiveCfg = Release|Any CPU
		{AFD59FA9-FF6C-4C2E-A3E8-DE1FA260F112}.Release|ARM32.Build.0 = Release|Any CPU
		{AFD59FA9-FF6C-4C2E-A3E8-DE1FA260F112}.Release|x64.ActiveCfg = Release|Any CPU
		{AFD59FA9-FF6C-4C2E-A3E8-DE1FA260F112}.Release|x64.Build.0 = Release|Any CPU
		{AFD59FA9-FF6C-4C2E-A3E8-DE1FA260F112}.Release|x86.ActiveCfg = Release|Any CPU
		{AFD59FA9-FF6C-4C2E-A3E8-DE1FA260F112}.Release|x86.Build.0 = Release|Any CPU
		{640C7EBF-A1DA-4332-A111-6100CB9EDB96}.Debug|Any CPU.ActiveCfg = Debug|Any CPU
		{640C7EBF-A1DA-4332-A111-6100CB9EDB96}.Debug|Any CPU.Build.0 = Debug|Any CPU
		{640C7EBF-A1DA-4332-A111-6100CB9EDB96}.Debug|ARM32.ActiveCfg = Debug|Any CPU
		{640C7EBF-A1DA-4332-A111-6100CB9EDB96}.Debug|ARM32.Build.0 = Debug|Any CPU
		{640C7EBF-A1DA-4332-A111-6100CB9EDB96}.Debug|x64.ActiveCfg = Debug|Any CPU
		{640C7EBF-A1DA-4332-A111-6100CB9EDB96}.Debug|x64.Build.0 = Debug|Any CPU
		{640C7EBF-A1DA-4332-A111-6100CB9EDB96}.Debug|x86.ActiveCfg = Debug|Any CPU
		{640C7EBF-A1DA-4332-A111-6100CB9EDB96}.Debug|x86.Build.0 = Debug|Any CPU
		{640C7EBF-A1DA-4332-A111-6100CB9EDB96}.Release|Any CPU.ActiveCfg = Release|Any CPU
		{640C7EBF-A1DA-4332-A111-6100CB9EDB96}.Release|Any CPU.Build.0 = Release|Any CPU
		{640C7EBF-A1DA-4332-A111-6100CB9EDB96}.Release|ARM32.ActiveCfg = Release|Any CPU
		{640C7EBF-A1DA-4332-A111-6100CB9EDB96}.Release|ARM32.Build.0 = Release|Any CPU
		{640C7EBF-A1DA-4332-A111-6100CB9EDB96}.Release|x64.ActiveCfg = Release|Any CPU
		{640C7EBF-A1DA-4332-A111-6100CB9EDB96}.Release|x64.Build.0 = Release|Any CPU
		{640C7EBF-A1DA-4332-A111-6100CB9EDB96}.Release|x86.ActiveCfg = Release|Any CPU
		{640C7EBF-A1DA-4332-A111-6100CB9EDB96}.Release|x86.Build.0 = Release|Any CPU
		{144FCB09-B864-4ECF-A868-39E8BD660CFA}.Debug|Any CPU.ActiveCfg = Debug|Any CPU
		{144FCB09-B864-4ECF-A868-39E8BD660CFA}.Debug|Any CPU.Build.0 = Debug|Any CPU
		{144FCB09-B864-4ECF-A868-39E8BD660CFA}.Debug|ARM32.ActiveCfg = Debug|Any CPU
		{144FCB09-B864-4ECF-A868-39E8BD660CFA}.Debug|ARM32.Build.0 = Debug|Any CPU
		{144FCB09-B864-4ECF-A868-39E8BD660CFA}.Debug|x64.ActiveCfg = Debug|Any CPU
		{144FCB09-B864-4ECF-A868-39E8BD660CFA}.Debug|x64.Build.0 = Debug|Any CPU
		{144FCB09-B864-4ECF-A868-39E8BD660CFA}.Debug|x86.ActiveCfg = Debug|Any CPU
		{144FCB09-B864-4ECF-A868-39E8BD660CFA}.Debug|x86.Build.0 = Debug|Any CPU
		{144FCB09-B864-4ECF-A868-39E8BD660CFA}.Release|Any CPU.ActiveCfg = Release|Any CPU
		{144FCB09-B864-4ECF-A868-39E8BD660CFA}.Release|Any CPU.Build.0 = Release|Any CPU
		{144FCB09-B864-4ECF-A868-39E8BD660CFA}.Release|ARM32.ActiveCfg = Release|Any CPU
		{144FCB09-B864-4ECF-A868-39E8BD660CFA}.Release|ARM32.Build.0 = Release|Any CPU
		{144FCB09-B864-4ECF-A868-39E8BD660CFA}.Release|x64.ActiveCfg = Release|Any CPU
		{144FCB09-B864-4ECF-A868-39E8BD660CFA}.Release|x64.Build.0 = Release|Any CPU
		{144FCB09-B864-4ECF-A868-39E8BD660CFA}.Release|x86.ActiveCfg = Release|Any CPU
		{144FCB09-B864-4ECF-A868-39E8BD660CFA}.Release|x86.Build.0 = Release|Any CPU
		{EFAF8FCE-452E-49A5-B949-6F19A69CE8EA}.Debug|Any CPU.ActiveCfg = Debug|Any CPU
		{EFAF8FCE-452E-49A5-B949-6F19A69CE8EA}.Debug|Any CPU.Build.0 = Debug|Any CPU
		{EFAF8FCE-452E-49A5-B949-6F19A69CE8EA}.Debug|ARM32.ActiveCfg = Debug|Any CPU
		{EFAF8FCE-452E-49A5-B949-6F19A69CE8EA}.Debug|ARM32.Build.0 = Debug|Any CPU
		{EFAF8FCE-452E-49A5-B949-6F19A69CE8EA}.Debug|x64.ActiveCfg = Debug|Any CPU
		{EFAF8FCE-452E-49A5-B949-6F19A69CE8EA}.Debug|x64.Build.0 = Debug|Any CPU
		{EFAF8FCE-452E-49A5-B949-6F19A69CE8EA}.Debug|x86.ActiveCfg = Debug|Any CPU
		{EFAF8FCE-452E-49A5-B949-6F19A69CE8EA}.Debug|x86.Build.0 = Debug|Any CPU
		{EFAF8FCE-452E-49A5-B949-6F19A69CE8EA}.Release|Any CPU.ActiveCfg = Release|Any CPU
		{EFAF8FCE-452E-49A5-B949-6F19A69CE8EA}.Release|Any CPU.Build.0 = Release|Any CPU
		{EFAF8FCE-452E-49A5-B949-6F19A69CE8EA}.Release|ARM32.ActiveCfg = Release|Any CPU
		{EFAF8FCE-452E-49A5-B949-6F19A69CE8EA}.Release|ARM32.Build.0 = Release|Any CPU
		{EFAF8FCE-452E-49A5-B949-6F19A69CE8EA}.Release|x64.ActiveCfg = Release|Any CPU
		{EFAF8FCE-452E-49A5-B949-6F19A69CE8EA}.Release|x64.Build.0 = Release|Any CPU
		{EFAF8FCE-452E-49A5-B949-6F19A69CE8EA}.Release|x86.ActiveCfg = Release|Any CPU
		{EFAF8FCE-452E-49A5-B949-6F19A69CE8EA}.Release|x86.Build.0 = Release|Any CPU
	EndGlobalSection
	GlobalSection(SolutionProperties) = preSolution
		HideSolutionNode = FALSE
	EndGlobalSection
	GlobalSection(NestedProjects) = preSolution
		{39EA6A5B-7841-43EE-936C-1E703D3494C1} = {FC098FFB-4CCA-4EB2-8BE3-F5BB3455FBE9}
		{B1E10BA0-31E2-490A-86C5-451DD5CE9A2B} = {FC098FFB-4CCA-4EB2-8BE3-F5BB3455FBE9}
		{6F7D1C7D-07C7-4B04-A141-1688AA195E83} = {FC098FFB-4CCA-4EB2-8BE3-F5BB3455FBE9}
		{18EBDB54-D866-4888-A54A-42E80D380E4E} = {0829D649-2781-425A-88D7-4F31036CD47E}
		{948231B3-EAF6-4405-9D38-04FCC5B221E6} = {0829D649-2781-425A-88D7-4F31036CD47E}
		{295220E1-C983-42F9-A28B-7461B4D38F0C} = {0829D649-2781-425A-88D7-4F31036CD47E}
		{050CC4A7-970C-4BAA-B529-53B957088446} = {0829D649-2781-425A-88D7-4F31036CD47E}
		{1B8A47B5-711C-4C57-B6BC-2CAAAAA0F38C} = {0829D649-2781-425A-88D7-4F31036CD47E}
		{F6FCE622-9C7B-4D4E-9A17-EF97FBFA44AA} = {0829D649-2781-425A-88D7-4F31036CD47E}
		{5C3F45D4-8262-4F99-94A9-2F3582FCA226} = {6BF260FA-9052-4E22-B532-23CC3E8EF163}
		{F19558B2-6FDC-4203-ADB1-C8AD0C4E9CBE} = {FC098FFB-4CCA-4EB2-8BE3-F5BB3455FBE9}
		{40A2C0C5-BBE7-461C-B627-EE79E3689514} = {6BF260FA-9052-4E22-B532-23CC3E8EF163}
		{AFD59FA9-FF6C-4C2E-A3E8-DE1FA260F112} = {0829D649-2781-425A-88D7-4F31036CD47E}
		{640C7EBF-A1DA-4332-A111-6100CB9EDB96} = {6BF260FA-9052-4E22-B532-23CC3E8EF163}
		{144FCB09-B864-4ECF-A868-39E8BD660CFA} = {FC098FFB-4CCA-4EB2-8BE3-F5BB3455FBE9}
		{EFAF8FCE-452E-49A5-B949-6F19A69CE8EA} = {FC098FFB-4CCA-4EB2-8BE3-F5BB3455FBE9}
	EndGlobalSection
	GlobalSection(ExtensibilityGlobals) = postSolution
		SolutionGuid = {41C24FF4-FF24-45C8-A9B9-DB8A04C0941B}
	EndGlobalSection
EndGlobal
