
Microsoft Visual Studio Solution File, Format Version 12.00
# Visual Studio Version 17
VisualStudioVersion = 17.5.33530.505
MinimumVisualStudioVersion = 10.0.40219.1
Project("{FAE04EC0-301F-11D3-BF4B-00C04F79EFBC}") = "IdentityServer4.EntityFramework.Storage", "IdentityServer4.EntityFramework.Storage.csproj", "{A9A40A62-F544-4FD4-9033-AD08DEFA7FCC}"
EndProject
Global
	GlobalSection(SolutionConfigurationPlatforms) = preSolution
		Debug|Any CPU = Debug|Any CPU
		Release|Any CPU = Release|Any CPU
	EndGlobalSection
	GlobalSection(ProjectConfigurationPlatforms) = postSolution
		{A9A40A62-F544-4FD4-9033-AD08DEFA7FCC}.Debug|Any CPU.ActiveCfg = Debug|Any CPU
		{A9A40A62-F544-4FD4-9033-AD08DEFA7FCC}.Debug|Any CPU.Build.0 = Debug|Any CPU
		{A9A40A62-F544-4FD4-9033-AD08DEFA7FCC}.Release|Any CPU.ActiveCfg = Release|Any CPU
		{A9A40A62-F544-4FD4-9033-AD08DEFA7FCC}.Release|Any CPU.Build.0 = Release|Any CPU
	EndGlobalSection
	GlobalSection(SolutionProperties) = preSolution
		HideSolutionNode = FALSE
	EndGlobalSection
	GlobalSection(ExtensibilityGlobals) = postSolution
		SolutionGuid = {EBB9801A-93C6-446B-8EC0-46B6CCC52AF0}
	EndGlobalSection
EndGlobal
