
Microsoft Visual Studio Solution File, Format Version 12.00
# Visual Studio Version 17
VisualStudioVersion = 17.0.31903.59
MinimumVisualStudioVersion = 10.0.40219.1
Project("{9A19103F-16F7-4668-BE54-9A1E7A4F7556}") = "TestWindettaMvc", "windetta-mvc\src\TestWindettaMvc.csproj", "{D71CEC79-2F5B-46E8-A4F0-8128D1A847D8}"
EndProject
Project("{9A19103F-16F7-4668-BE54-9A1E7A4F7556}") = "LSPM", "lspm\src\LSPM.csproj", "{8F252A5C-E77F-43D4-A235-7237F4AEAB5B}"
EndProject
Project("{9A19103F-16F7-4668-BE54-9A1E7A4F7556}") = "LspmTests", "lspm\tests\LspmTests.csproj", "{67A38C4D-C07F-49A8-B2DE-53BA8F81B667}"
EndProject
Project("{2150E333-8FDC-42A3-9474-1A3956D46DE8}") = "Tests", "Tests", "{6C232DF9-09AA-4894-A856-0E00F7CFC76F}"
EndProject
Project("{9A19103F-16F7-4668-BE54-9A1E7A4F7556}") = "SeaBattle", "gameservers\sea-battle\src\SeaBattle.csproj", "{B3FB75EC-C011-4EFE-8597-9D6937123E85}"
EndProject
Project("{9A19103F-16F7-4668-BE54-9A1E7A4F7556}") = "SeaBattleTests", "gameservers\sea-battle\tests\SeaBattleTests.csproj", "{9D3B11AC-91F1-4ACD-AAB2-DE20CE1DF458}"
EndProject
Project("{9A19103F-16F7-4668-BE54-9A1E7A4F7556}") = "LSPM.Models", "lspm-models\src\LSPM.Models.csproj", "{73E47C77-3328-484E-A587-2E3B297DFBE1}"
EndProject
Project("{9A19103F-16F7-4668-BE54-9A1E7A4F7556}") = "Windetta.Common", "windetta\Windetta.Common\src\Windetta.Common.csproj", "{7684A994-66E6-4374-A17D-A221C67019B7}"
EndProject
Project("{9A19103F-16F7-4668-BE54-9A1E7A4F7556}") = "Windetta.Contracts", "windetta\Windetta.Contracts\Windetta.Contracts.csproj", "{4E27C892-1DF6-49ED-AF0F-1C7826D5C70D}"
EndProject
Project("{9A19103F-16F7-4668-BE54-9A1E7A4F7556}") = "Windetta.Identity", "windetta\Windetta.Identity\src\Windetta.Identity.csproj", "{BEB6E18B-3063-4EA3-8C47-294C095D357E}"
EndProject
Project("{9A19103F-16F7-4668-BE54-9A1E7A4F7556}") = "Windetta.IdentityTests", "windetta\Windetta.Identity\tests\Windetta.IdentityTests.csproj", "{0A92B1FE-092B-4AB7-8B71-F5E28E5C01C4}"
EndProject
Project("{9A19103F-16F7-4668-BE54-9A1E7A4F7556}") = "Windetta.Main", "windetta\Windetta.Main\src\Windetta.Main.csproj", "{9AED33CA-AC12-4C46-BF7F-0C154534DF53}"
EndProject
Project("{9A19103F-16F7-4668-BE54-9A1E7A4F7556}") = "Windetta.MainTests", "windetta\Windetta.Main\tests\Windetta.MainTests.csproj", "{6C00183F-D157-42F6-B7C5-F178E197850F}"
EndProject
Project("{9A19103F-16F7-4668-BE54-9A1E7A4F7556}") = "Windetta.TonTxns", "windetta\Windetta.TonTxns\src\Windetta.TonTxns.csproj", "{FD52974E-620D-4E6F-831D-25DD9DAA13B2}"
EndProject
Project("{9A19103F-16F7-4668-BE54-9A1E7A4F7556}") = "Windetta.TonTxnsTests", "windetta\Windetta.TonTxns\tests\Windetta.TonTxnsTests.csproj", "{0DBCDF46-5183-4D84-81DF-684FA00129BD}"
EndProject
Project("{9A19103F-16F7-4668-BE54-9A1E7A4F7556}") = "Windetta.Wallet", "windetta\Windetta.Wallet\src\Windetta.Wallet.csproj", "{F724ECEB-106B-45F0-AF0B-793FD9AB3A60}"
EndProject
Project("{9A19103F-16F7-4668-BE54-9A1E7A4F7556}") = "Windetta.WalletTests", "windetta\Windetta.Wallet\tests\Windetta.WalletTests.csproj", "{17AB4A3E-25EE-4E69-A47A-12D8111E2413}"
EndProject
Global
	GlobalSection(SolutionConfigurationPlatforms) = preSolution
		Debug|Any CPU = Debug|Any CPU
		Debug|ARM32 = Debug|ARM32
		Debug|x64 = Debug|x64
		Debug|x86 = Debug|x86
		Release|Any CPU = Release|Any CPU
		Release|ARM32 = Release|ARM32
		Release|x64 = Release|x64
		Release|x86 = Release|x86
	EndGlobalSection
	GlobalSection(ProjectConfigurationPlatforms) = postSolution
		{D71CEC79-2F5B-46E8-A4F0-8128D1A847D8}.Debug|Any CPU.ActiveCfg = Debug|Any CPU
		{D71CEC79-2F5B-46E8-A4F0-8128D1A847D8}.Debug|Any CPU.Build.0 = Debug|Any CPU
		{D71CEC79-2F5B-46E8-A4F0-8128D1A847D8}.Debug|ARM32.ActiveCfg = Debug|Any CPU
		{D71CEC79-2F5B-46E8-A4F0-8128D1A847D8}.Debug|ARM32.Build.0 = Debug|Any CPU
		{D71CEC79-2F5B-46E8-A4F0-8128D1A847D8}.Debug|x64.ActiveCfg = Debug|Any CPU
		{D71CEC79-2F5B-46E8-A4F0-8128D1A847D8}.Debug|x64.Build.0 = Debug|Any CPU
		{D71CEC79-2F5B-46E8-A4F0-8128D1A847D8}.Debug|x86.ActiveCfg = Debug|Any CPU
		{D71CEC79-2F5B-46E8-A4F0-8128D1A847D8}.Debug|x86.Build.0 = Debug|Any CPU
		{D71CEC79-2F5B-46E8-A4F0-8128D1A847D8}.Release|Any CPU.ActiveCfg = Release|Any CPU
		{D71CEC79-2F5B-46E8-A4F0-8128D1A847D8}.Release|Any CPU.Build.0 = Release|Any CPU
		{D71CEC79-2F5B-46E8-A4F0-8128D1A847D8}.Release|ARM32.ActiveCfg = Release|Any CPU
		{D71CEC79-2F5B-46E8-A4F0-8128D1A847D8}.Release|ARM32.Build.0 = Release|Any CPU
		{D71CEC79-2F5B-46E8-A4F0-8128D1A847D8}.Release|x64.ActiveCfg = Release|Any CPU
		{D71CEC79-2F5B-46E8-A4F0-8128D1A847D8}.Release|x64.Build.0 = Release|Any CPU
		{D71CEC79-2F5B-46E8-A4F0-8128D1A847D8}.Release|x86.ActiveCfg = Release|Any CPU
		{D71CEC79-2F5B-46E8-A4F0-8128D1A847D8}.Release|x86.Build.0 = Release|Any CPU
		{8F252A5C-E77F-43D4-A235-7237F4AEAB5B}.Debug|Any CPU.ActiveCfg = Debug|Any CPU
		{8F252A5C-E77F-43D4-A235-7237F4AEAB5B}.Debug|Any CPU.Build.0 = Debug|Any CPU
		{8F252A5C-E77F-43D4-A235-7237F4AEAB5B}.Debug|ARM32.ActiveCfg = Debug|Any CPU
		{8F252A5C-E77F-43D4-A235-7237F4AEAB5B}.Debug|ARM32.Build.0 = Debug|Any CPU
		{8F252A5C-E77F-43D4-A235-7237F4AEAB5B}.Debug|x64.ActiveCfg = Debug|Any CPU
		{8F252A5C-E77F-43D4-A235-7237F4AEAB5B}.Debug|x64.Build.0 = Debug|Any CPU
		{8F252A5C-E77F-43D4-A235-7237F4AEAB5B}.Debug|x86.ActiveCfg = Debug|Any CPU
		{8F252A5C-E77F-43D4-A235-7237F4AEAB5B}.Debug|x86.Build.0 = Debug|Any CPU
		{8F252A5C-E77F-43D4-A235-7237F4AEAB5B}.Release|Any CPU.ActiveCfg = Release|Any CPU
		{8F252A5C-E77F-43D4-A235-7237F4AEAB5B}.Release|Any CPU.Build.0 = Release|Any CPU
		{8F252A5C-E77F-43D4-A235-7237F4AEAB5B}.Release|ARM32.ActiveCfg = Release|Any CPU
		{8F252A5C-E77F-43D4-A235-7237F4AEAB5B}.Release|ARM32.Build.0 = Release|Any CPU
		{8F252A5C-E77F-43D4-A235-7237F4AEAB5B}.Release|x64.ActiveCfg = Release|Any CPU
		{8F252A5C-E77F-43D4-A235-7237F4AEAB5B}.Release|x64.Build.0 = Release|Any CPU
		{8F252A5C-E77F-43D4-A235-7237F4AEAB5B}.Release|x86.ActiveCfg = Release|Any CPU
		{8F252A5C-E77F-43D4-A235-7237F4AEAB5B}.Release|x86.Build.0 = Release|Any CPU
		{67A38C4D-C07F-49A8-B2DE-53BA8F81B667}.Debug|Any CPU.ActiveCfg = Debug|Any CPU
		{67A38C4D-C07F-49A8-B2DE-53BA8F81B667}.Debug|Any CPU.Build.0 = Debug|Any CPU
		{67A38C4D-C07F-49A8-B2DE-53BA8F81B667}.Debug|ARM32.ActiveCfg = Debug|Any CPU
		{67A38C4D-C07F-49A8-B2DE-53BA8F81B667}.Debug|ARM32.Build.0 = Debug|Any CPU
		{67A38C4D-C07F-49A8-B2DE-53BA8F81B667}.Debug|x64.ActiveCfg = Debug|Any CPU
		{67A38C4D-C07F-49A8-B2DE-53BA8F81B667}.Debug|x64.Build.0 = Debug|Any CPU
		{67A38C4D-C07F-49A8-B2DE-53BA8F81B667}.Debug|x86.ActiveCfg = Debug|Any CPU
		{67A38C4D-C07F-49A8-B2DE-53BA8F81B667}.Debug|x86.Build.0 = Debug|Any CPU
		{67A38C4D-C07F-49A8-B2DE-53BA8F81B667}.Release|Any CPU.ActiveCfg = Release|Any CPU
		{67A38C4D-C07F-49A8-B2DE-53BA8F81B667}.Release|Any CPU.Build.0 = Release|Any CPU
		{67A38C4D-C07F-49A8-B2DE-53BA8F81B667}.Release|ARM32.ActiveCfg = Release|Any CPU
		{67A38C4D-C07F-49A8-B2DE-53BA8F81B667}.Release|ARM32.Build.0 = Release|Any CPU
		{67A38C4D-C07F-49A8-B2DE-53BA8F81B667}.Release|x64.ActiveCfg = Release|Any CPU
		{67A38C4D-C07F-49A8-B2DE-53BA8F81B667}.Release|x64.Build.0 = Release|Any CPU
		{67A38C4D-C07F-49A8-B2DE-53BA8F81B667}.Release|x86.ActiveCfg = Release|Any CPU
		{67A38C4D-C07F-49A8-B2DE-53BA8F81B667}.Release|x86.Build.0 = Release|Any CPU
		{B3FB75EC-C011-4EFE-8597-9D6937123E85}.Debug|Any CPU.ActiveCfg = Debug|Any CPU
		{B3FB75EC-C011-4EFE-8597-9D6937123E85}.Debug|Any CPU.Build.0 = Debug|Any CPU
		{B3FB75EC-C011-4EFE-8597-9D6937123E85}.Debug|ARM32.ActiveCfg = Debug|Any CPU
		{B3FB75EC-C011-4EFE-8597-9D6937123E85}.Debug|ARM32.Build.0 = Debug|Any CPU
		{B3FB75EC-C011-4EFE-8597-9D6937123E85}.Debug|x64.ActiveCfg = Debug|Any CPU
		{B3FB75EC-C011-4EFE-8597-9D6937123E85}.Debug|x64.Build.0 = Debug|Any CPU
		{B3FB75EC-C011-4EFE-8597-9D6937123E85}.Debug|x86.ActiveCfg = Debug|Any CPU
		{B3FB75EC-C011-4EFE-8597-9D6937123E85}.Debug|x86.Build.0 = Debug|Any CPU
		{B3FB75EC-C011-4EFE-8597-9D6937123E85}.Release|Any CPU.ActiveCfg = Release|Any CPU
		{B3FB75EC-C011-4EFE-8597-9D6937123E85}.Release|Any CPU.Build.0 = Release|Any CPU
		{B3FB75EC-C011-4EFE-8597-9D6937123E85}.Release|ARM32.ActiveCfg = Release|Any CPU
		{B3FB75EC-C011-4EFE-8597-9D6937123E85}.Release|ARM32.Build.0 = Release|Any CPU
		{B3FB75EC-C011-4EFE-8597-9D6937123E85}.Release|x64.ActiveCfg = Release|Any CPU
		{B3FB75EC-C011-4EFE-8597-9D6937123E85}.Release|x64.Build.0 = Release|Any CPU
		{B3FB75EC-C011-4EFE-8597-9D6937123E85}.Release|x86.ActiveCfg = Release|Any CPU
		{B3FB75EC-C011-4EFE-8597-9D6937123E85}.Release|x86.Build.0 = Release|Any CPU
		{9D3B11AC-91F1-4ACD-AAB2-DE20CE1DF458}.Debug|Any CPU.ActiveCfg = Debug|Any CPU
		{9D3B11AC-91F1-4ACD-AAB2-DE20CE1DF458}.Debug|Any CPU.Build.0 = Debug|Any CPU
		{9D3B11AC-91F1-4ACD-AAB2-DE20CE1DF458}.Debug|ARM32.ActiveCfg = Debug|Any CPU
		{9D3B11AC-91F1-4ACD-AAB2-DE20CE1DF458}.Debug|ARM32.Build.0 = Debug|Any CPU
		{9D3B11AC-91F1-4ACD-AAB2-DE20CE1DF458}.Debug|x64.ActiveCfg = Debug|Any CPU
		{9D3B11AC-91F1-4ACD-AAB2-DE20CE1DF458}.Debug|x64.Build.0 = Debug|Any CPU
		{9D3B11AC-91F1-4ACD-AAB2-DE20CE1DF458}.Debug|x86.ActiveCfg = Debug|Any CPU
		{9D3B11AC-91F1-4ACD-AAB2-DE20CE1DF458}.Debug|x86.Build.0 = Debug|Any CPU
		{9D3B11AC-91F1-4ACD-AAB2-DE20CE1DF458}.Release|Any CPU.ActiveCfg = Release|Any CPU
		{9D3B11AC-91F1-4ACD-AAB2-DE20CE1DF458}.Release|Any CPU.Build.0 = Release|Any CPU
		{9D3B11AC-91F1-4ACD-AAB2-DE20CE1DF458}.Release|ARM32.ActiveCfg = Release|Any CPU
		{9D3B11AC-91F1-4ACD-AAB2-DE20CE1DF458}.Release|ARM32.Build.0 = Release|Any CPU
		{9D3B11AC-91F1-4ACD-AAB2-DE20CE1DF458}.Release|x64.ActiveCfg = Release|Any CPU
		{9D3B11AC-91F1-4ACD-AAB2-DE20CE1DF458}.Release|x64.Build.0 = Release|Any CPU
		{9D3B11AC-91F1-4ACD-AAB2-DE20CE1DF458}.Release|x86.ActiveCfg = Release|Any CPU
		{9D3B11AC-91F1-4ACD-AAB2-DE20CE1DF458}.Release|x86.Build.0 = Release|Any CPU
		{73E47C77-3328-484E-A587-2E3B297DFBE1}.Debug|Any CPU.ActiveCfg = Debug|Any CPU
		{73E47C77-3328-484E-A587-2E3B297DFBE1}.Debug|Any CPU.Build.0 = Debug|Any CPU
		{73E47C77-3328-484E-A587-2E3B297DFBE1}.Debug|ARM32.ActiveCfg = Debug|Any CPU
		{73E47C77-3328-484E-A587-2E3B297DFBE1}.Debug|ARM32.Build.0 = Debug|Any CPU
		{73E47C77-3328-484E-A587-2E3B297DFBE1}.Debug|x64.ActiveCfg = Debug|Any CPU
		{73E47C77-3328-484E-A587-2E3B297DFBE1}.Debug|x64.Build.0 = Debug|Any CPU
		{73E47C77-3328-484E-A587-2E3B297DFBE1}.Debug|x86.ActiveCfg = Debug|Any CPU
		{73E47C77-3328-484E-A587-2E3B297DFBE1}.Debug|x86.Build.0 = Debug|Any CPU
		{73E47C77-3328-484E-A587-2E3B297DFBE1}.Release|Any CPU.ActiveCfg = Release|Any CPU
		{73E47C77-3328-484E-A587-2E3B297DFBE1}.Release|Any CPU.Build.0 = Release|Any CPU
		{73E47C77-3328-484E-A587-2E3B297DFBE1}.Release|ARM32.ActiveCfg = Release|Any CPU
		{73E47C77-3328-484E-A587-2E3B297DFBE1}.Release|ARM32.Build.0 = Release|Any CPU
		{73E47C77-3328-484E-A587-2E3B297DFBE1}.Release|x64.ActiveCfg = Release|Any CPU
		{73E47C77-3328-484E-A587-2E3B297DFBE1}.Release|x64.Build.0 = Release|Any CPU
		{73E47C77-3328-484E-A587-2E3B297DFBE1}.Release|x86.ActiveCfg = Release|Any CPU
		{73E47C77-3328-484E-A587-2E3B297DFBE1}.Release|x86.Build.0 = Release|Any CPU
		{7684A994-66E6-4374-A17D-A221C67019B7}.Debug|Any CPU.ActiveCfg = Debug|Any CPU
		{7684A994-66E6-4374-A17D-A221C67019B7}.Debug|Any CPU.Build.0 = Debug|Any CPU
		{7684A994-66E6-4374-A17D-A221C67019B7}.Debug|ARM32.ActiveCfg = Debug|ARM32
		{7684A994-66E6-4374-A17D-A221C67019B7}.Debug|ARM32.Build.0 = Debug|ARM32
		{7684A994-66E6-4374-A17D-A221C67019B7}.Debug|x64.ActiveCfg = Debug|x64
		{7684A994-66E6-4374-A17D-A221C67019B7}.Debug|x64.Build.0 = Debug|x64
		{7684A994-66E6-4374-A17D-A221C67019B7}.Debug|x86.ActiveCfg = Debug|x86
		{7684A994-66E6-4374-A17D-A221C67019B7}.Debug|x86.Build.0 = Debug|x86
		{7684A994-66E6-4374-A17D-A221C67019B7}.Release|Any CPU.ActiveCfg = Release|Any CPU
		{7684A994-66E6-4374-A17D-A221C67019B7}.Release|Any CPU.Build.0 = Release|Any CPU
		{7684A994-66E6-4374-A17D-A221C67019B7}.Release|ARM32.ActiveCfg = Release|ARM32
		{7684A994-66E6-4374-A17D-A221C67019B7}.Release|ARM32.Build.0 = Release|ARM32
		{7684A994-66E6-4374-A17D-A221C67019B7}.Release|x64.ActiveCfg = Release|x64
		{7684A994-66E6-4374-A17D-A221C67019B7}.Release|x64.Build.0 = Release|x64
		{7684A994-66E6-4374-A17D-A221C67019B7}.Release|x86.ActiveCfg = Release|x86
		{7684A994-66E6-4374-A17D-A221C67019B7}.Release|x86.Build.0 = Release|x86
		{4E27C892-1DF6-49ED-AF0F-1C7826D5C70D}.Debug|Any CPU.ActiveCfg = Debug|Any CPU
		{4E27C892-1DF6-49ED-AF0F-1C7826D5C70D}.Debug|Any CPU.Build.0 = Debug|Any CPU
		{4E27C892-1DF6-49ED-AF0F-1C7826D5C70D}.Debug|ARM32.ActiveCfg = Debug|ARM32
		{4E27C892-1DF6-49ED-AF0F-1C7826D5C70D}.Debug|ARM32.Build.0 = Debug|ARM32
		{4E27C892-1DF6-49ED-AF0F-1C7826D5C70D}.Debug|x64.ActiveCfg = Debug|x64
		{4E27C892-1DF6-49ED-AF0F-1C7826D5C70D}.Debug|x64.Build.0 = Debug|x64
		{4E27C892-1DF6-49ED-AF0F-1C7826D5C70D}.Debug|x86.ActiveCfg = Debug|x86
		{4E27C892-1DF6-49ED-AF0F-1C7826D5C70D}.Debug|x86.Build.0 = Debug|x86
		{4E27C892-1DF6-49ED-AF0F-1C7826D5C70D}.Release|Any CPU.ActiveCfg = Release|Any CPU
		{4E27C892-1DF6-49ED-AF0F-1C7826D5C70D}.Release|Any CPU.Build.0 = Release|Any CPU
		{4E27C892-1DF6-49ED-AF0F-1C7826D5C70D}.Release|ARM32.ActiveCfg = Release|ARM32
		{4E27C892-1DF6-49ED-AF0F-1C7826D5C70D}.Release|ARM32.Build.0 = Release|ARM32
		{4E27C892-1DF6-49ED-AF0F-1C7826D5C70D}.Release|x64.ActiveCfg = Release|x64
		{4E27C892-1DF6-49ED-AF0F-1C7826D5C70D}.Release|x64.Build.0 = Release|x64
		{4E27C892-1DF6-49ED-AF0F-1C7826D5C70D}.Release|x86.ActiveCfg = Release|x86
		{4E27C892-1DF6-49ED-AF0F-1C7826D5C70D}.Release|x86.Build.0 = Release|x86
		{BEB6E18B-3063-4EA3-8C47-294C095D357E}.Debug|Any CPU.ActiveCfg = Debug|Any CPU
		{BEB6E18B-3063-4EA3-8C47-294C095D357E}.Debug|Any CPU.Build.0 = Debug|Any CPU
		{BEB6E18B-3063-4EA3-8C47-294C095D357E}.Debug|ARM32.ActiveCfg = Debug|ARM32
		{BEB6E18B-3063-4EA3-8C47-294C095D357E}.Debug|ARM32.Build.0 = Debug|ARM32
		{BEB6E18B-3063-4EA3-8C47-294C095D357E}.Debug|x64.ActiveCfg = Debug|x64
		{BEB6E18B-3063-4EA3-8C47-294C095D357E}.Debug|x64.Build.0 = Debug|x64
		{BEB6E18B-3063-4EA3-8C47-294C095D357E}.Debug|x86.ActiveCfg = Debug|x86
		{BEB6E18B-3063-4EA3-8C47-294C095D357E}.Debug|x86.Build.0 = Debug|x86
		{BEB6E18B-3063-4EA3-8C47-294C095D357E}.Release|Any CPU.ActiveCfg = Release|Any CPU
		{BEB6E18B-3063-4EA3-8C47-294C095D357E}.Release|Any CPU.Build.0 = Release|Any CPU
		{BEB6E18B-3063-4EA3-8C47-294C095D357E}.Release|ARM32.ActiveCfg = Release|ARM32
		{BEB6E18B-3063-4EA3-8C47-294C095D357E}.Release|ARM32.Build.0 = Release|ARM32
		{BEB6E18B-3063-4EA3-8C47-294C095D357E}.Release|x64.ActiveCfg = Release|x64
		{BEB6E18B-3063-4EA3-8C47-294C095D357E}.Release|x64.Build.0 = Release|x64
		{BEB6E18B-3063-4EA3-8C47-294C095D357E}.Release|x86.ActiveCfg = Release|x86
		{BEB6E18B-3063-4EA3-8C47-294C095D357E}.Release|x86.Build.0 = Release|x86
		{0A92B1FE-092B-4AB7-8B71-F5E28E5C01C4}.Debug|Any CPU.ActiveCfg = Debug|Any CPU
		{0A92B1FE-092B-4AB7-8B71-F5E28E5C01C4}.Debug|Any CPU.Build.0 = Debug|Any CPU
		{0A92B1FE-092B-4AB7-8B71-F5E28E5C01C4}.Debug|ARM32.ActiveCfg = Debug|ARM32
		{0A92B1FE-092B-4AB7-8B71-F5E28E5C01C4}.Debug|ARM32.Build.0 = Debug|ARM32
		{0A92B1FE-092B-4AB7-8B71-F5E28E5C01C4}.Debug|x64.ActiveCfg = Debug|x64
		{0A92B1FE-092B-4AB7-8B71-F5E28E5C01C4}.Debug|x64.Build.0 = Debug|x64
		{0A92B1FE-092B-4AB7-8B71-F5E28E5C01C4}.Debug|x86.ActiveCfg = Debug|x86
		{0A92B1FE-092B-4AB7-8B71-F5E28E5C01C4}.Debug|x86.Build.0 = Debug|x86
		{0A92B1FE-092B-4AB7-8B71-F5E28E5C01C4}.Release|Any CPU.ActiveCfg = Release|Any CPU
		{0A92B1FE-092B-4AB7-8B71-F5E28E5C01C4}.Release|Any CPU.Build.0 = Release|Any CPU
		{0A92B1FE-092B-4AB7-8B71-F5E28E5C01C4}.Release|ARM32.ActiveCfg = Release|ARM32
		{0A92B1FE-092B-4AB7-8B71-F5E28E5C01C4}.Release|ARM32.Build.0 = Release|ARM32
		{0A92B1FE-092B-4AB7-8B71-F5E28E5C01C4}.Release|x64.ActiveCfg = Release|x64
		{0A92B1FE-092B-4AB7-8B71-F5E28E5C01C4}.Release|x64.Build.0 = Release|x64
		{0A92B1FE-092B-4AB7-8B71-F5E28E5C01C4}.Release|x86.ActiveCfg = Release|x86
		{0A92B1FE-092B-4AB7-8B71-F5E28E5C01C4}.Release|x86.Build.0 = Release|x86
		{9AED33CA-AC12-4C46-BF7F-0C154534DF53}.Debug|Any CPU.ActiveCfg = Debug|Any CPU
		{9AED33CA-AC12-4C46-BF7F-0C154534DF53}.Debug|Any CPU.Build.0 = Debug|Any CPU
		{9AED33CA-AC12-4C46-BF7F-0C154534DF53}.Debug|ARM32.ActiveCfg = Debug|ARM32
		{9AED33CA-AC12-4C46-BF7F-0C154534DF53}.Debug|ARM32.Build.0 = Debug|ARM32
		{9AED33CA-AC12-4C46-BF7F-0C154534DF53}.Debug|x64.ActiveCfg = Debug|x64
		{9AED33CA-AC12-4C46-BF7F-0C154534DF53}.Debug|x64.Build.0 = Debug|x64
		{9AED33CA-AC12-4C46-BF7F-0C154534DF53}.Debug|x86.ActiveCfg = Debug|x86
		{9AED33CA-AC12-4C46-BF7F-0C154534DF53}.Debug|x86.Build.0 = Debug|x86
		{9AED33CA-AC12-4C46-BF7F-0C154534DF53}.Release|Any CPU.ActiveCfg = Release|Any CPU
		{9AED33CA-AC12-4C46-BF7F-0C154534DF53}.Release|Any CPU.Build.0 = Release|Any CPU
		{9AED33CA-AC12-4C46-BF7F-0C154534DF53}.Release|ARM32.ActiveCfg = Release|ARM32
		{9AED33CA-AC12-4C46-BF7F-0C154534DF53}.Release|ARM32.Build.0 = Release|ARM32
		{9AED33CA-AC12-4C46-BF7F-0C154534DF53}.Release|x64.ActiveCfg = Release|x64
		{9AED33CA-AC12-4C46-BF7F-0C154534DF53}.Release|x64.Build.0 = Release|x64
		{9AED33CA-AC12-4C46-BF7F-0C154534DF53}.Release|x86.ActiveCfg = Release|x86
		{9AED33CA-AC12-4C46-BF7F-0C154534DF53}.Release|x86.Build.0 = Release|x86
		{6C00183F-D157-42F6-B7C5-F178E197850F}.Debug|Any CPU.ActiveCfg = Debug|Any CPU
		{6C00183F-D157-42F6-B7C5-F178E197850F}.Debug|Any CPU.Build.0 = Debug|Any CPU
		{6C00183F-D157-42F6-B7C5-F178E197850F}.Debug|ARM32.ActiveCfg = Debug|Any CPU
		{6C00183F-D157-42F6-B7C5-F178E197850F}.Debug|ARM32.Build.0 = Debug|Any CPU
		{6C00183F-D157-42F6-B7C5-F178E197850F}.Debug|x64.ActiveCfg = Debug|Any CPU
		{6C00183F-D157-42F6-B7C5-F178E197850F}.Debug|x64.Build.0 = Debug|Any CPU
		{6C00183F-D157-42F6-B7C5-F178E197850F}.Debug|x86.ActiveCfg = Debug|Any CPU
		{6C00183F-D157-42F6-B7C5-F178E197850F}.Debug|x86.Build.0 = Debug|Any CPU
		{6C00183F-D157-42F6-B7C5-F178E197850F}.Release|Any CPU.ActiveCfg = Release|Any CPU
		{6C00183F-D157-42F6-B7C5-F178E197850F}.Release|Any CPU.Build.0 = Release|Any CPU
		{6C00183F-D157-42F6-B7C5-F178E197850F}.Release|ARM32.ActiveCfg = Release|Any CPU
		{6C00183F-D157-42F6-B7C5-F178E197850F}.Release|ARM32.Build.0 = Release|Any CPU
		{6C00183F-D157-42F6-B7C5-F178E197850F}.Release|x64.ActiveCfg = Release|Any CPU
		{6C00183F-D157-42F6-B7C5-F178E197850F}.Release|x64.Build.0 = Release|Any CPU
		{6C00183F-D157-42F6-B7C5-F178E197850F}.Release|x86.ActiveCfg = Release|Any CPU
		{6C00183F-D157-42F6-B7C5-F178E197850F}.Release|x86.Build.0 = Release|Any CPU
		{FD52974E-620D-4E6F-831D-25DD9DAA13B2}.Debug|Any CPU.ActiveCfg = Debug|Any CPU
		{FD52974E-620D-4E6F-831D-25DD9DAA13B2}.Debug|Any CPU.Build.0 = Debug|Any CPU
		{FD52974E-620D-4E6F-831D-25DD9DAA13B2}.Debug|ARM32.ActiveCfg = Debug|ARM32
		{FD52974E-620D-4E6F-831D-25DD9DAA13B2}.Debug|ARM32.Build.0 = Debug|ARM32
		{FD52974E-620D-4E6F-831D-25DD9DAA13B2}.Debug|x64.ActiveCfg = Debug|x64
		{FD52974E-620D-4E6F-831D-25DD9DAA13B2}.Debug|x64.Build.0 = Debug|x64
		{FD52974E-620D-4E6F-831D-25DD9DAA13B2}.Debug|x86.ActiveCfg = Debug|x86
		{FD52974E-620D-4E6F-831D-25DD9DAA13B2}.Debug|x86.Build.0 = Debug|x86
		{FD52974E-620D-4E6F-831D-25DD9DAA13B2}.Release|Any CPU.ActiveCfg = Release|Any CPU
		{FD52974E-620D-4E6F-831D-25DD9DAA13B2}.Release|Any CPU.Build.0 = Release|Any CPU
		{FD52974E-620D-4E6F-831D-25DD9DAA13B2}.Release|ARM32.ActiveCfg = Release|ARM32
		{FD52974E-620D-4E6F-831D-25DD9DAA13B2}.Release|ARM32.Build.0 = Release|ARM32
		{FD52974E-620D-4E6F-831D-25DD9DAA13B2}.Release|x64.ActiveCfg = Release|x64
		{FD52974E-620D-4E6F-831D-25DD9DAA13B2}.Release|x64.Build.0 = Release|x64
		{FD52974E-620D-4E6F-831D-25DD9DAA13B2}.Release|x86.ActiveCfg = Release|x86
		{FD52974E-620D-4E6F-831D-25DD9DAA13B2}.Release|x86.Build.0 = Release|x86
		{0DBCDF46-5183-4D84-81DF-684FA00129BD}.Debug|Any CPU.ActiveCfg = Debug|Any CPU
		{0DBCDF46-5183-4D84-81DF-684FA00129BD}.Debug|Any CPU.Build.0 = Debug|Any CPU
		{0DBCDF46-5183-4D84-81DF-684FA00129BD}.Debug|ARM32.ActiveCfg = Debug|ARM32
		{0DBCDF46-5183-4D84-81DF-684FA00129BD}.Debug|ARM32.Build.0 = Debug|ARM32
		{0DBCDF46-5183-4D84-81DF-684FA00129BD}.Debug|x64.ActiveCfg = Debug|x64
		{0DBCDF46-5183-4D84-81DF-684FA00129BD}.Debug|x64.Build.0 = Debug|x64
		{0DBCDF46-5183-4D84-81DF-684FA00129BD}.Debug|x86.ActiveCfg = Debug|x86
		{0DBCDF46-5183-4D84-81DF-684FA00129BD}.Debug|x86.Build.0 = Debug|x86
		{0DBCDF46-5183-4D84-81DF-684FA00129BD}.Release|Any CPU.ActiveCfg = Release|Any CPU
		{0DBCDF46-5183-4D84-81DF-684FA00129BD}.Release|Any CPU.Build.0 = Release|Any CPU
		{0DBCDF46-5183-4D84-81DF-684FA00129BD}.Release|ARM32.ActiveCfg = Release|ARM32
		{0DBCDF46-5183-4D84-81DF-684FA00129BD}.Release|ARM32.Build.0 = Release|ARM32
		{0DBCDF46-5183-4D84-81DF-684FA00129BD}.Release|x64.ActiveCfg = Release|x64
		{0DBCDF46-5183-4D84-81DF-684FA00129BD}.Release|x64.Build.0 = Release|x64
		{0DBCDF46-5183-4D84-81DF-684FA00129BD}.Release|x86.ActiveCfg = Release|x86
		{0DBCDF46-5183-4D84-81DF-684FA00129BD}.Release|x86.Build.0 = Release|x86
		{F724ECEB-106B-45F0-AF0B-793FD9AB3A60}.Debug|Any CPU.ActiveCfg = Debug|Any CPU
		{F724ECEB-106B-45F0-AF0B-793FD9AB3A60}.Debug|Any CPU.Build.0 = Debug|Any CPU
		{F724ECEB-106B-45F0-AF0B-793FD9AB3A60}.Debug|ARM32.ActiveCfg = Debug|ARM32
		{F724ECEB-106B-45F0-AF0B-793FD9AB3A60}.Debug|ARM32.Build.0 = Debug|ARM32
		{F724ECEB-106B-45F0-AF0B-793FD9AB3A60}.Debug|x64.ActiveCfg = Debug|x64
		{F724ECEB-106B-45F0-AF0B-793FD9AB3A60}.Debug|x64.Build.0 = Debug|x64
		{F724ECEB-106B-45F0-AF0B-793FD9AB3A60}.Debug|x86.ActiveCfg = Debug|x86
		{F724ECEB-106B-45F0-AF0B-793FD9AB3A60}.Debug|x86.Build.0 = Debug|x86
		{F724ECEB-106B-45F0-AF0B-793FD9AB3A60}.Release|Any CPU.ActiveCfg = Release|Any CPU
		{F724ECEB-106B-45F0-AF0B-793FD9AB3A60}.Release|Any CPU.Build.0 = Release|Any CPU
		{F724ECEB-106B-45F0-AF0B-793FD9AB3A60}.Release|ARM32.ActiveCfg = Release|ARM32
		{F724ECEB-106B-45F0-AF0B-793FD9AB3A60}.Release|ARM32.Build.0 = Release|ARM32
		{F724ECEB-106B-45F0-AF0B-793FD9AB3A60}.Release|x64.ActiveCfg = Release|x64
		{F724ECEB-106B-45F0-AF0B-793FD9AB3A60}.Release|x64.Build.0 = Release|x64
		{F724ECEB-106B-45F0-AF0B-793FD9AB3A60}.Release|x86.ActiveCfg = Release|x86
		{F724ECEB-106B-45F0-AF0B-793FD9AB3A60}.Release|x86.Build.0 = Release|x86
		{17AB4A3E-25EE-4E69-A47A-12D8111E2413}.Debug|Any CPU.ActiveCfg = Debug|Any CPU
		{17AB4A3E-25EE-4E69-A47A-12D8111E2413}.Debug|Any CPU.Build.0 = Debug|Any CPU
		{17AB4A3E-25EE-4E69-A47A-12D8111E2413}.Debug|ARM32.ActiveCfg = Debug|ARM32
		{17AB4A3E-25EE-4E69-A47A-12D8111E2413}.Debug|ARM32.Build.0 = Debug|ARM32
		{17AB4A3E-25EE-4E69-A47A-12D8111E2413}.Debug|x64.ActiveCfg = Debug|x64
		{17AB4A3E-25EE-4E69-A47A-12D8111E2413}.Debug|x64.Build.0 = Debug|x64
		{17AB4A3E-25EE-4E69-A47A-12D8111E2413}.Debug|x86.ActiveCfg = Debug|x86
		{17AB4A3E-25EE-4E69-A47A-12D8111E2413}.Debug|x86.Build.0 = Debug|x86
		{17AB4A3E-25EE-4E69-A47A-12D8111E2413}.Release|Any CPU.ActiveCfg = Release|Any CPU
		{17AB4A3E-25EE-4E69-A47A-12D8111E2413}.Release|Any CPU.Build.0 = Release|Any CPU
		{17AB4A3E-25EE-4E69-A47A-12D8111E2413}.Release|ARM32.ActiveCfg = Release|ARM32
		{17AB4A3E-25EE-4E69-A47A-12D8111E2413}.Release|ARM32.Build.0 = Release|ARM32
		{17AB4A3E-25EE-4E69-A47A-12D8111E2413}.Release|x64.ActiveCfg = Release|x64
		{17AB4A3E-25EE-4E69-A47A-12D8111E2413}.Release|x64.Build.0 = Release|x64
		{17AB4A3E-25EE-4E69-A47A-12D8111E2413}.Release|x86.ActiveCfg = Release|x86
		{17AB4A3E-25EE-4E69-A47A-12D8111E2413}.Release|x86.Build.0 = Release|x86
	EndGlobalSection
	GlobalSection(SolutionProperties) = preSolution
		HideSolutionNode = FALSE
	EndGlobalSection
	GlobalSection(NestedProjects) = preSolution
		{67A38C4D-C07F-49A8-B2DE-53BA8F81B667} = {6C232DF9-09AA-4894-A856-0E00F7CFC76F}
		{9D3B11AC-91F1-4ACD-AAB2-DE20CE1DF458} = {6C232DF9-09AA-4894-A856-0E00F7CFC76F}
		{0A92B1FE-092B-4AB7-8B71-F5E28E5C01C4} = {6C232DF9-09AA-4894-A856-0E00F7CFC76F}
		{6C00183F-D157-42F6-B7C5-F178E197850F} = {6C232DF9-09AA-4894-A856-0E00F7CFC76F}
		{0DBCDF46-5183-4D84-81DF-684FA00129BD} = {6C232DF9-09AA-4894-A856-0E00F7CFC76F}
		{17AB4A3E-25EE-4E69-A47A-12D8111E2413} = {6C232DF9-09AA-4894-A856-0E00F7CFC76F}
	EndGlobalSection
	GlobalSection(ExtensibilityGlobals) = postSolution
		SolutionGuid = {4F9F2A3F-4BCD-403A-A370-258C6537D804}
	EndGlobalSection
EndGlobal
