
Microsoft Visual Studio Solution File, Format Version 12.00
# Visual Studio Version 17
VisualStudioVersion = 17.5.33530.505
MinimumVisualStudioVersion = 10.0.40219.1
Project("{FAE04EC0-301F-11D3-BF4B-00C04F79EFBC}") = "IdentityServer4.EntityFramework", "IdentityServer4.EntityFramework.csproj", "{EABACC4C-85A3-4720-AB2B-04F98BF03896}"
EndProject
Global
	GlobalSection(SolutionConfigurationPlatforms) = preSolution
		Debug|Any CPU = Debug|Any CPU
		Release|Any CPU = Release|Any CPU
	EndGlobalSection
	GlobalSection(ProjectConfigurationPlatforms) = postSolution
		{EABACC4C-85A3-4720-AB2B-04F98BF03896}.Debug|Any CPU.ActiveCfg = Debug|Any CPU
		{EABACC4C-85A3-4720-AB2B-04F98BF03896}.Debug|Any CPU.Build.0 = Debug|Any CPU
		{EABACC4C-85A3-4720-AB2B-04F98BF03896}.Release|Any CPU.ActiveCfg = Release|Any CPU
		{EABACC4C-85A3-4720-AB2B-04F98BF03896}.Release|Any CPU.Build.0 = Release|Any CPU
	EndGlobalSection
	GlobalSection(SolutionProperties) = preSolution
		HideSolutionNode = FALSE
	EndGlobalSection
	GlobalSection(ExtensibilityGlobals) = postSolution
		SolutionGuid = {0F66DD55-4C1D-44DA-BD51-B28EE8D9C287}
	EndGlobalSection
EndGlobal
